// !$*UTF8*$!
{
	archiveVersion = 1;
	classes = {
	};
	objectVersion = 46;
	objects = {

/* Begin PBXAggregateTarget section */
		508395E9A63CF794D70AF6E2 /* NewPlugin - All */ = {
			isa = PBXAggregateTarget;
			buildConfigurationList = C5F237837DA3292D1CD60604;
			buildPhases = (
			);
			dependencies = (
				7257B59215BAE37E0912308C,
				5219065254BE9C76C31BBA67,
				A110B5409529DB7D010F0B10,
				97669887D7F97E9AB760F9EA,
				24254754BCCDEAFEAB8A5B0F,
			);
			name = "NewPlugin - All";
			productName = NewPlugin;
		};
/* End PBXAggregateTarget section */

/* Begin PBXBuildFile section */
		169B8FBC2D6AFEBA33EB1F6B /* CoreAudioKit.framework */ = {isa = PBXBuildFile; fileRef = 1C4E9DDFC8597BF94B0C6F95; };
		1FE1B953D91F7683A267AD1E /* CoreMIDI.framework */ = {isa = PBXBuildFile; fileRef = CC75D690EF53ADBAF6682302; };
		25D75ABE7FFD0A47B4139F66 /* WebKit.framework */ = {isa = PBXBuildFile; fileRef = 19C10B15F5A2A02365887500; };
		2B6829D20BF35016C3B36B8E /* CoreAudio.framework */ = {isa = PBXBuildFile; fileRef = 6CB1D282DD869A9D5FFF1747; };
		35506C31E3AF7E1AAC0CA1C3 /* include_juce_audio_processors.mm */ = {isa = PBXBuildFile; fileRef = 7AF22A136FFFBD3DC44E7FDF; };
		387493EF5A5CCC6EDA09047A /* include_juce_graphics.mm */ = {isa = PBXBuildFile; fileRef = 39A8CC0058ADD5C2DAC2FA92; };
		3BB2B7EB8E43B2CE1AED6944 /* Security.framework */ = {isa = PBXBuildFile; fileRef = 95525F986E5A93C97B909530; };
		3E6D265AC501E14F96232049 /* PluginProcessor.cpp */ = {isa = PBXBuildFile; fileRef = 20CDB3D112616C88016F8D66; };
		4B0EA26241768F63DC64BAE1 /* AudioToolbox.framework */ = {isa = PBXBuildFile; fileRef = 479C10AAB609D7B8E9966042; };
		4D10FB79AC3AD41FAA8D167C /* Standalone Plugin */ = {isa = PBXBuildFile; fileRef = 16AF44284165D1B776CD76BF; };
		54395EFB1D34D4581D4E510D /* include_juce_audio_plugin_client_AU_2.mm */ = {isa = PBXBuildFile; fileRef = 25C7460E6A7A1199D2158650; };
		5448F4090B71F9652004ED08 /* AudioUnit.framework */ = {isa = PBXBuildFile; fileRef = 0A717106530ECFEE0FAE3392; };
		59E1C710548E21478E0C888C /* include_juce_audio_formats.mm */ = {isa = PBXBuildFile; fileRef = F683330EED385640F6392D6A; };
		5FE8F7E52BBCA87F33F3E066 /* Cocoa.framework */ = {isa = PBXBuildFile; fileRef = 79697BD5E45C66B63DE79A34; };
		6263F1B0752282F9F3188B09 /* IOKit.framework */ = {isa = PBXBuildFile; fileRef = 65129B82C7B60FE28880507F; };
		63EA8931FC802D89D39EEBCE /* VST3 */ = {isa = PBXBuildFile; fileRef = EC334B851071AD2CD540FC8B; };
		660002164827C189E51CAEC3 /* QuartzCore.framework */ = {isa = PBXBuildFile; fileRef = 33BCE652F8FB94FA531E513E; };
		6C441A9B24E01BFE040B5B27 /* include_juce_audio_processors_ara.cpp */ = {isa = PBXBuildFile; fileRef = 677854BF706675EF4097DA2D; };
		76EE5C3EA527C986C38C01C8 /* DiscRecording.framework */ = {isa = PBXBuildFile; fileRef = 7E0E832CE5721908F4D33C03; };
		7813CF21112153E6F1116D8C /* include_juce_audio_processors_lv2_libs.cpp */ = {isa = PBXBuildFile; fileRef = B069F442252B77C0D487FEFF; };
		7863816C87AF16AB5FDA384C /* include_juce_events.mm */ = {isa = PBXBuildFile; fileRef = F7BB79668D0825BDB0C9A6B0; };
		801828C4557C9FE7DFE01C3B /* include_juce_core.mm */ = {isa = PBXBuildFile; fileRef = 81E24FFB6D3648CF7D24AC6A; };
		8475669E677DE597C9836523 /* Shared Code */ = {isa = PBXBuildFile; fileRef = CBE6DC5D9E84302810B6E2F1; };
		8571547ED9053AA0F9634AA9 /* include_juce_data_structures.mm */ = {isa = PBXBuildFile; fileRef = 983860EE1FC67604B33B4451; };
		8AC3F24310ECFDCFBF3B4132 /* AU */ = {isa = PBXBuildFile; fileRef = EF44F0EB5724C30D9E327050; };
		8B971956890A2BEC83E234A1 /* include_juce_audio_devices.mm */ = {isa = PBXBuildFile; fileRef = 2BF52C7942281808072A3A29; };
		8BB7BEC0D33C3168327EE254 /* VST3 Manifest Helper */ = {isa = PBXBuildFile; fileRef = 63C91A96D1898B28704849F3; };
		8E938DFAEA5D2A8E8C4A7475 /* Accelerate.framework */ = {isa = PBXBuildFile; fileRef = FF7F1425FE0F1B1161CC0558; };
		9A0B5BA827922F140E1F8426 /* include_juce_gui_basics.mm */ = {isa = PBXBuildFile; fileRef = 7EE47F7B3040A3465380F4CC; };
		9B0B3FE79ECF79A7B18305C1 /* RecentFilesMenuTemplate.nib */ = {isa = PBXBuildFile; fileRef = 72EA3D1219EE2AA5B050D2E6; };
		9F9C6E4598950FFEDF4FFFEE /* Metal.framework */ = {isa = PBXBuildFile; fileRef = D11E573297353F72635E2FF5; settings = { ATTRIBUTES = (Weak, ); }; };
		A39C1DD08591C69CC7451DD7 /* Foundation.framework */ = {isa = PBXBuildFile; fileRef = F19646D0849C9F7F623225C2; };
		A41152E0E5658589F5C34B4A /* include_juce_gui_extra.mm */ = {isa = PBXBuildFile; fileRef = DBEDCBC783405FA23F794431; };
		B717C148DE2924F373CBAA19 /* include_juce_audio_plugin_client_AU_1.mm */ = {isa = PBXBuildFile; fileRef = C3F3C5FEA5FD4A37600D2DC0; };
		BBBFC91F89CAE6603635B1E5 /* MetalKit.framework */ = {isa = PBXBuildFile; fileRef = 375CFDE9781CBF854C6BC632; settings = { ATTRIBUTES = (Weak, ); }; };
		BEF695ADE4CF4AB82D6190C9 /* include_juce_audio_plugin_client_Standalone.cpp */ = {isa = PBXBuildFile; fileRef = F804E4EC1B5AA005A60DA60F; };
		D11D4328630C86F18CB512FF /* include_juce_dsp.mm */ = {isa = PBXBuildFile; fileRef = DDEC4F3E5CC3E78E6B8EDADE; };
		D1F5CA2263422870A7FB6C7D /* include_juce_audio_plugin_client_ARA.cpp */ = {isa = PBXBuildFile; fileRef = 7AED27FFDE9BE8F206367EA2; };
		D330E29ADD62810701B09E9B /* include_juce_audio_utils.mm */ = {isa = PBXBuildFile; fileRef = 1A53778976E1E24FF01B8CEF; };
		D7DB982D9EE87ECE56B20461 /* include_juce_audio_basics.mm */ = {isa = PBXBuildFile; fileRef = 6DA40EEA2E35B4922D743D40; };
		E1738729D09BD1C478ABCE3C /* juce_VST3ManifestHelper.mm */ = {isa = PBXBuildFile; fileRef = 36A9B15247A537417DC3DA8C; settings = { COMPILER_FLAGS = "-std=c++17 -fobjc-arc -w -DJUCE_SKIP_PRECOMPILED_HEADER"; }; };
		E6B5A3CF455C3836BF0E1FF3 /* include_juce_audio_plugin_client_VST3.mm */ = {isa = PBXBuildFile; fileRef = DD18A57BA0AD2E5B3E9C9C35; };
		F1211D8331E634932F73E6FC /* PluginEditor.cpp */ = {isa = PBXBuildFile; fileRef = B13A70C39C188B5C785158BB; };
/* End PBXBuildFile section */

/* Begin PBXFileReference section */
		0A717106530ECFEE0FAE3392 /* AudioUnit.framework */ /* AudioUnit.framework */ = {isa = PBXFileReference; lastKnownFileType = wrapper.framework; name = AudioUnit.framework; path = System/Library/Frameworks/AudioUnit.framework; sourceTree = SDKROOT; };
		160EBE9CDE1541633B01A7EF /* juce_dsp */ /* juce_dsp */ = {isa = PBXFileReference; lastKnownFileType = folder; name = juce_dsp; path = /Users/rinascita/Documents/GitHub/JUCE/modules/juce_dsp; sourceTree = "<absolute>"; };
		16AF44284165D1B776CD76BF /* Standalone Plugin */ = {isa = PBXFileReference; explicitFileType = wrapper.application; includeInIndex = 0; path = NewPlugin.app; sourceTree = BUILT_PRODUCTS_DIR; };
		19C10B15F5A2A02365887500 /* WebKit.framework */ /* WebKit.framework */ = {isa = PBXFileReference; lastKnownFileType = wrapper.framework; name = WebKit.framework; path = System/Library/Frameworks/WebKit.framework; sourceTree = SDKROOT; };
		1A53778976E1E24FF01B8CEF /* include_juce_audio_utils.mm */ /* include_juce_audio_utils.mm */ = {isa = PBXFileReference; lastKnownFileType = sourcecode.cpp.objcpp; name = include_juce_audio_utils.mm; path = ../../JuceLibraryCode/include_juce_audio_utils.mm; sourceTree = SOURCE_ROOT; };
		1C4E9DDFC8597BF94B0C6F95 /* CoreAudioKit.framework */ /* CoreAudioKit.framework */ = {isa = PBXFileReference; lastKnownFileType = wrapper.framework; name = CoreAudioKit.framework; path = System/Library/Frameworks/CoreAudioKit.framework; sourceTree = SDKROOT; };
		20CDB3D112616C88016F8D66 /* PluginProcessor.cpp */ /* PluginProcessor.cpp */ = {isa = PBXFileReference; lastKnownFileType = sourcecode.cpp.cpp; name = PluginProcessor.cpp; path = ../../Source/PluginProcessor.cpp; sourceTree = SOURCE_ROOT; };
		25C7460E6A7A1199D2158650 /* include_juce_audio_plugin_client_AU_2.mm */ /* include_juce_audio_plugin_client_AU_2.mm */ = {isa = PBXFileReference; lastKnownFileType = sourcecode.cpp.objcpp; name = include_juce_audio_plugin_client_AU_2.mm; path = ../../JuceLibraryCode/include_juce_audio_plugin_client_AU_2.mm; sourceTree = SOURCE_ROOT; };
		2BF52C7942281808072A3A29 /* include_juce_audio_devices.mm */ /* include_juce_audio_devices.mm */ = {isa = PBXFileReference; lastKnownFileType = sourcecode.cpp.objcpp; name = include_juce_audio_devices.mm; path = ../../JuceLibraryCode/include_juce_audio_devices.mm; sourceTree = SOURCE_ROOT; };
		300F58AB362357681B86FD30 /* juce_data_structures */ /* juce_data_structures */ = {isa = PBXFileReference; lastKnownFileType = folder; name = juce_data_structures; path = /Users/rinascita/Documents/GitHub/JUCE/modules/juce_data_structures; sourceTree = "<absolute>"; };
		33BCE652F8FB94FA531E513E /* QuartzCore.framework */ /* QuartzCore.framework */ = {isa = PBXFileReference; lastKnownFileType = wrapper.framework; name = QuartzCore.framework; path = System/Library/Frameworks/QuartzCore.framework; sourceTree = SDKROOT; };
		36A9B15247A537417DC3DA8C /* juce_VST3ManifestHelper.mm */ /* juce_VST3ManifestHelper.mm */ = {isa = PBXFileReference; lastKnownFileType = sourcecode.cpp.objcpp; name = juce_VST3ManifestHelper.mm; path = /Users/rinascita/Documents/GitHub/JUCE/modules/juce_audio_plugin_client/VST3/juce_VST3ManifestHelper.mm; sourceTree = "<absolute>"; };
		375CFDE9781CBF854C6BC632 /* MetalKit.framework */ /* MetalKit.framework */ = {isa = PBXFileReference; lastKnownFileType = wrapper.framework; name = MetalKit.framework; path = System/Library/Frameworks/MetalKit.framework; sourceTree = SDKROOT; };
		39A8CC0058ADD5C2DAC2FA92 /* include_juce_graphics.mm */ /* include_juce_graphics.mm */ = {isa = PBXFileReference; lastKnownFileType = sourcecode.cpp.objcpp; name = include_juce_graphics.mm; path = ../../JuceLibraryCode/include_juce_graphics.mm; sourceTree = SOURCE_ROOT; };
		406FA2C37EA1648AED706D8D /* JuceHeader.h */ /* JuceHeader.h */ = {isa = PBXFileReference; lastKnownFileType = sourcecode.c.h; name = JuceHeader.h; path = ../../JuceLibraryCode/JuceHeader.h; sourceTree = SOURCE_ROOT; };
		479C10AAB609D7B8E9966042 /* AudioToolbox.framework */ /* AudioToolbox.framework */ = {isa = PBXFileReference; lastKnownFileType = wrapper.framework; name = AudioToolbox.framework; path = System/Library/Frameworks/AudioToolbox.framework; sourceTree = SDKROOT; };
		5E10C855AF19231F00EE0F8F /* juce_gui_extra */ /* juce_gui_extra */ = {isa = PBXFileReference; lastKnownFileType = folder; name = juce_gui_extra; path = /Users/rinascita/Documents/GitHub/JUCE/modules/juce_gui_extra; sourceTree = "<absolute>"; };
		63C91A96D1898B28704849F3 /* VST3 Manifest Helper */ = {isa = PBXFileReference; explicitFileType = "compiled.mach-o.executable"; includeInIndex = 0; path = juce_vst3_helper; sourceTree = BUILT_PRODUCTS_DIR; };
		65129B82C7B60FE28880507F /* IOKit.framework */ /* IOKit.framework */ = {isa = PBXFileReference; lastKnownFileType = wrapper.framework; name = IOKit.framework; path = System/Library/Frameworks/IOKit.framework; sourceTree = SDKROOT; };
		677854BF706675EF4097DA2D /* include_juce_audio_processors_ara.cpp */ /* include_juce_audio_processors_ara.cpp */ = {isa = PBXFileReference; lastKnownFileType = sourcecode.cpp.cpp; name = include_juce_audio_processors_ara.cpp; path = ../../JuceLibraryCode/include_juce_audio_processors_ara.cpp; sourceTree = SOURCE_ROOT; };
		687A64560CED695094C18FF3 /* juce_gui_basics */ /* juce_gui_basics */ = {isa = PBXFileReference; lastKnownFileType = folder; name = juce_gui_basics; path = /Users/rinascita/Documents/GitHub/JUCE/modules/juce_gui_basics; sourceTree = "<absolute>"; };
		6CB1D282DD869A9D5FFF1747 /* CoreAudio.framework */ /* CoreAudio.framework */ = {isa = PBXFileReference; lastKnownFileType = wrapper.framework; name = CoreAudio.framework; path = System/Library/Frameworks/CoreAudio.framework; sourceTree = SDKROOT; };
		6DA40EEA2E35B4922D743D40 /* include_juce_audio_basics.mm */ /* include_juce_audio_basics.mm */ = {isa = PBXFileReference; lastKnownFileType = sourcecode.cpp.objcpp; name = include_juce_audio_basics.mm; path = ../../JuceLibraryCode/include_juce_audio_basics.mm; sourceTree = SOURCE_ROOT; };
		72EA3D1219EE2AA5B050D2E6 /* RecentFilesMenuTemplate.nib */ /* RecentFilesMenuTemplate.nib */ = {isa = PBXFileReference; lastKnownFileType = file.nib; name = RecentFilesMenuTemplate.nib; path = RecentFilesMenuTemplate.nib; sourceTree = SOURCE_ROOT; };
		79697BD5E45C66B63DE79A34 /* Cocoa.framework */ /* Cocoa.framework */ = {isa = PBXFileReference; lastKnownFileType = wrapper.framework; name = Cocoa.framework; path = System/Library/Frameworks/Cocoa.framework; sourceTree = SDKROOT; };
		7AED27FFDE9BE8F206367EA2 /* include_juce_audio_plugin_client_ARA.cpp */ /* include_juce_audio_plugin_client_ARA.cpp */ = {isa = PBXFileReference; lastKnownFileType = sourcecode.cpp.cpp; name = include_juce_audio_plugin_client_ARA.cpp; path = ../../JuceLibraryCode/include_juce_audio_plugin_client_ARA.cpp; sourceTree = SOURCE_ROOT; };
		7AF22A136FFFBD3DC44E7FDF /* include_juce_audio_processors.mm */ /* include_juce_audio_processors.mm */ = {isa = PBXFileReference; lastKnownFileType = sourcecode.cpp.objcpp; name = include_juce_audio_processors.mm; path = ../../JuceLibraryCode/include_juce_audio_processors.mm; sourceTree = SOURCE_ROOT; };
		7E0E832CE5721908F4D33C03 /* DiscRecording.framework */ /* DiscRecording.framework */ = {isa = PBXFileReference; lastKnownFileType = wrapper.framework; name = DiscRecording.framework; path = System/Library/Frameworks/DiscRecording.framework; sourceTree = SDKROOT; };
		7EE47F7B3040A3465380F4CC /* include_juce_gui_basics.mm */ /* include_juce_gui_basics.mm */ = {isa = PBXFileReference; lastKnownFileType = sourcecode.cpp.objcpp; name = include_juce_gui_basics.mm; path = ../../JuceLibraryCode/include_juce_gui_basics.mm; sourceTree = SOURCE_ROOT; };
		81E24FFB6D3648CF7D24AC6A /* include_juce_core.mm */ /* include_juce_core.mm */ = {isa = PBXFileReference; lastKnownFileType = sourcecode.cpp.objcpp; name = include_juce_core.mm; path = ../../JuceLibraryCode/include_juce_core.mm; sourceTree = SOURCE_ROOT; };
		90E8A138B052CFA19C9711B9 /* Info-VST3.plist */ /* Info-VST3.plist */ = {isa = PBXFileReference; lastKnownFileType = text.plist.xml; name = "Info-VST3.plist"; path = "Info-VST3.plist"; sourceTree = SOURCE_ROOT; };
		95525F986E5A93C97B909530 /* Security.framework */ /* Security.framework */ = {isa = PBXFileReference; lastKnownFileType = wrapper.framework; name = Security.framework; path = System/Library/Frameworks/Security.framework; sourceTree = SDKROOT; };
		983860EE1FC67604B33B4451 /* include_juce_data_structures.mm */ /* include_juce_data_structures.mm */ = {isa = PBXFileReference; lastKnownFileType = sourcecode.cpp.objcpp; name = include_juce_data_structures.mm; path = ../../JuceLibraryCode/include_juce_data_structures.mm; sourceTree = SOURCE_ROOT; };
		99283B510A2709F24F51D9F3 /* juce_audio_plugin_client */ /* juce_audio_plugin_client */ = {isa = PBXFileReference; lastKnownFileType = folder; name = juce_audio_plugin_client; path = /Users/rinascita/Documents/GitHub/JUCE/modules/juce_audio_plugin_client; sourceTree = "<absolute>"; };
		993EA34457E03F4FF43CEBE2 /* JucePluginDefines.h */ /* JucePluginDefines.h */ = {isa = PBXFileReference; lastKnownFileType = sourcecode.c.h; name = JucePluginDefines.h; path = ../../JuceLibraryCode/JucePluginDefines.h; sourceTree = SOURCE_ROOT; };
		9BEEABA3C06ADEA2A915DA54 /* juce_audio_devices */ /* juce_audio_devices */ = {isa = PBXFileReference; lastKnownFileType = folder; name = juce_audio_devices; path = /Users/rinascita/Documents/GitHub/JUCE/modules/juce_audio_devices; sourceTree = "<absolute>"; };
		A0A388F9B2E3F18D82659EDB /* juce_audio_basics */ /* juce_audio_basics */ = {isa = PBXFileReference; lastKnownFileType = folder; name = juce_audio_basics; path = /Users/rinascita/Documents/GitHub/JUCE/modules/juce_audio_basics; sourceTree = "<absolute>"; };
		A123D441CD726C49A45C8C13 /* PluginEditor.h */ /* PluginEditor.h */ = {isa = PBXFileReference; lastKnownFileType = sourcecode.c.h; name = PluginEditor.h; path = ../../Source/PluginEditor.h; sourceTree = SOURCE_ROOT; };
		A1C9737303941FE034566E24 /* Info-AU.plist */ /* Info-AU.plist */ = {isa = PBXFileReference; lastKnownFileType = text.plist.xml; name = "Info-AU.plist"; path = "Info-AU.plist"; sourceTree = SOURCE_ROOT; };
		A330A22DCD83F383BC8D8ECF /* juce_audio_utils */ /* juce_audio_utils */ = {isa = PBXFileReference; lastKnownFileType = folder; name = juce_audio_utils; path = /Users/rinascita/Documents/GitHub/JUCE/modules/juce_audio_utils; sourceTree = "<absolute>"; };
		AD4BC8C7102F7CB9262E0292 /* juce_events */ /* juce_events */ = {isa = PBXFileReference; lastKnownFileType = folder; name = juce_events; path = /Users/rinascita/Documents/GitHub/JUCE/modules/juce_events; sourceTree = "<absolute>"; };
		AF874D73FC018FFE356221BB /* juce_core */ /* juce_core */ = {isa = PBXFileReference; lastKnownFileType = folder; name = juce_core; path = /Users/rinascita/Documents/GitHub/JUCE/modules/juce_core; sourceTree = "<absolute>"; };
		B069F442252B77C0D487FEFF /* include_juce_audio_processors_lv2_libs.cpp */ /* include_juce_audio_processors_lv2_libs.cpp */ = {isa = PBXFileReference; lastKnownFileType = sourcecode.cpp.cpp; name = include_juce_audio_processors_lv2_libs.cpp; path = ../../JuceLibraryCode/include_juce_audio_processors_lv2_libs.cpp; sourceTree = SOURCE_ROOT; };
		B13A70C39C188B5C785158BB /* PluginEditor.cpp */ /* PluginEditor.cpp */ = {isa = PBXFileReference; lastKnownFileType = sourcecode.cpp.cpp; name = PluginEditor.cpp; path = ../../Source/PluginEditor.cpp; sourceTree = SOURCE_ROOT; };
		BB7B15405E4123AB1515563F /* juce_audio_formats */ /* juce_audio_formats */ = {isa = PBXFileReference; lastKnownFileType = folder; name = juce_audio_formats; path = /Users/rinascita/Documents/GitHub/JUCE/modules/juce_audio_formats; sourceTree = "<absolute>"; };
		BE840E356D9674BA6ED07644 /* juce_graphics */ /* juce_graphics */ = {isa = PBXFileReference; lastKnownFileType = folder; name = juce_graphics; path = /Users/rinascita/Documents/GitHub/JUCE/modules/juce_graphics; sourceTree = "<absolute>"; };
		C3F3C5FEA5FD4A37600D2DC0 /* include_juce_audio_plugin_client_AU_1.mm */ /* include_juce_audio_plugin_client_AU_1.mm */ = {isa = PBXFileReference; lastKnownFileType = sourcecode.cpp.objcpp; name = include_juce_audio_plugin_client_AU_1.mm; path = ../../JuceLibraryCode/include_juce_audio_plugin_client_AU_1.mm; sourceTree = SOURCE_ROOT; };
		C8BDDC9652D40E940B8B17D7 /* juce_audio_processors */ /* juce_audio_processors */ = {isa = PBXFileReference; lastKnownFileType = folder; name = juce_audio_processors; path = /Users/rinascita/Documents/GitHub/JUCE/modules/juce_audio_processors; sourceTree = "<absolute>"; };
		CBE6DC5D9E84302810B6E2F1 /* Shared Code */ = {isa = PBXFileReference; explicitFileType = archive.ar; includeInIndex = 0; path = libNewPlugin.a; sourceTree = BUILT_PRODUCTS_DIR; };
		CC75D690EF53ADBAF6682302 /* CoreMIDI.framework */ /* CoreMIDI.framework */ = {isa = PBXFileReference; lastKnownFileType = wrapper.framework; name = CoreMIDI.framework; path = System/Library/Frameworks/CoreMIDI.framework; sourceTree = SDKROOT; };
		D11E573297353F72635E2FF5 /* Metal.framework */ /* Metal.framework */ = {isa = PBXFileReference; lastKnownFileType = wrapper.framework; name = Metal.framework; path = System/Library/Frameworks/Metal.framework; sourceTree = SDKROOT; };
		D8F83DE7AEACC67280959750 /* Info-VST3_Manifest_Helper.plist */ /* Info-VST3_Manifest_Helper.plist */ = {isa = PBXFileReference; lastKnownFileType = text.plist.xml; name = "Info-VST3_Manifest_Helper.plist"; path = "Info-VST3_Manifest_Helper.plist"; sourceTree = SOURCE_ROOT; };
		DBEDCBC783405FA23F794431 /* include_juce_gui_extra.mm */ /* include_juce_gui_extra.mm */ = {isa = PBXFileReference; lastKnownFileType = sourcecode.cpp.objcpp; name = include_juce_gui_extra.mm; path = ../../JuceLibraryCode/include_juce_gui_extra.mm; sourceTree = SOURCE_ROOT; };
		DD18A57BA0AD2E5B3E9C9C35 /* include_juce_audio_plugin_client_VST3.mm */ /* include_juce_audio_plugin_client_VST3.mm */ = {isa = PBXFileReference; lastKnownFileType = sourcecode.cpp.objcpp; name = include_juce_audio_plugin_client_VST3.mm; path = ../../JuceLibraryCode/include_juce_audio_plugin_client_VST3.mm; sourceTree = SOURCE_ROOT; };
		DDEC4F3E5CC3E78E6B8EDADE /* include_juce_dsp.mm */ /* include_juce_dsp.mm */ = {isa = PBXFileReference; lastKnownFileType = sourcecode.cpp.objcpp; name = include_juce_dsp.mm; path = ../../JuceLibraryCode/include_juce_dsp.mm; sourceTree = SOURCE_ROOT; };
		E2F285886839F1B084C54F7F /* Info-Standalone_Plugin.plist */ /* Info-Standalone_Plugin.plist */ = {isa = PBXFileReference; lastKnownFileType = text.plist.xml; name = "Info-Standalone_Plugin.plist"; path = "Info-Standalone_Plugin.plist"; sourceTree = SOURCE_ROOT; };
		EC334B851071AD2CD540FC8B /* VST3 */ = {isa = PBXFileReference; explicitFileType = wrapper.cfbundle; includeInIndex = 0; path = NewPlugin.vst3; sourceTree = BUILT_PRODUCTS_DIR; };
		EF44F0EB5724C30D9E327050 /* AU */ = {isa = PBXFileReference; explicitFileType = wrapper.cfbundle; includeInIndex = 0; path = NewPlugin.component; sourceTree = BUILT_PRODUCTS_DIR; };
		F19646D0849C9F7F623225C2 /* Foundation.framework */ /* Foundation.framework */ = {isa = PBXFileReference; lastKnownFileType = wrapper.framework; name = Foundation.framework; path = System/Library/Frameworks/Foundation.framework; sourceTree = SDKROOT; };
		F683330EED385640F6392D6A /* include_juce_audio_formats.mm */ /* include_juce_audio_formats.mm */ = {isa = PBXFileReference; lastKnownFileType = sourcecode.cpp.objcpp; name = include_juce_audio_formats.mm; path = ../../JuceLibraryCode/include_juce_audio_formats.mm; sourceTree = SOURCE_ROOT; };
		F7BB79668D0825BDB0C9A6B0 /* include_juce_events.mm */ /* include_juce_events.mm */ = {isa = PBXFileReference; lastKnownFileType = sourcecode.cpp.objcpp; name = include_juce_events.mm; path = ../../JuceLibraryCode/include_juce_events.mm; sourceTree = SOURCE_ROOT; };
		F804E4EC1B5AA005A60DA60F /* include_juce_audio_plugin_client_Standalone.cpp */ /* include_juce_audio_plugin_client_Standalone.cpp */ = {isa = PBXFileReference; lastKnownFileType = sourcecode.cpp.cpp; name = include_juce_audio_plugin_client_Standalone.cpp; path = ../../JuceLibraryCode/include_juce_audio_plugin_client_Standalone.cpp; sourceTree = SOURCE_ROOT; };
		F8A2109493C2718842E083BC /* PluginProcessor.h */ /* PluginProcessor.h */ = {isa = PBXFileReference; lastKnownFileType = sourcecode.c.h; name = PluginProcessor.h; path = ../../Source/PluginProcessor.h; sourceTree = SOURCE_ROOT; };
		FF7F1425FE0F1B1161CC0558 /* Accelerate.framework */ /* Accelerate.framework */ = {isa = PBXFileReference; lastKnownFileType = wrapper.framework; name = Accelerate.framework; path = System/Library/Frameworks/Accelerate.framework; sourceTree = SDKROOT; };
/* End PBXFileReference section */

/* Begin PBXFrameworksBuildPhase section */
		23C8894992298983E6E911A3 = {
			isa = PBXFrameworksBuildPhase;
			buildActionMask = 2147483647;
			files = (
				8E938DFAEA5D2A8E8C4A7475,
				4B0EA26241768F63DC64BAE1,
				5FE8F7E52BBCA87F33F3E066,
				2B6829D20BF35016C3B36B8E,
				169B8FBC2D6AFEBA33EB1F6B,
				1FE1B953D91F7683A267AD1E,
				76EE5C3EA527C986C38C01C8,
				A39C1DD08591C69CC7451DD7,
				6263F1B0752282F9F3188B09,
				660002164827C189E51CAEC3,
				3BB2B7EB8E43B2CE1AED6944,
				25D75ABE7FFD0A47B4139F66,
				9F9C6E4598950FFEDF4FFFEE,
				BBBFC91F89CAE6603635B1E5,
			);
			runOnlyForDeploymentPostprocessing = 0;
		};
		67A648AF1DF7445B5332CFFE = {
			isa = PBXFrameworksBuildPhase;
			buildActionMask = 2147483647;
			files = (
				5448F4090B71F9652004ED08,
				8E938DFAEA5D2A8E8C4A7475,
				4B0EA26241768F63DC64BAE1,
				5FE8F7E52BBCA87F33F3E066,
				2B6829D20BF35016C3B36B8E,
				169B8FBC2D6AFEBA33EB1F6B,
				1FE1B953D91F7683A267AD1E,
				76EE5C3EA527C986C38C01C8,
				A39C1DD08591C69CC7451DD7,
				6263F1B0752282F9F3188B09,
				660002164827C189E51CAEC3,
				3BB2B7EB8E43B2CE1AED6944,
				25D75ABE7FFD0A47B4139F66,
				9F9C6E4598950FFEDF4FFFEE,
				BBBFC91F89CAE6603635B1E5,
			);
			runOnlyForDeploymentPostprocessing = 0;
		};
		8F7F52F508EA7425F3C04D52 = {
			isa = PBXFrameworksBuildPhase;
			buildActionMask = 2147483647;
			files = (
				8E938DFAEA5D2A8E8C4A7475,
				4B0EA26241768F63DC64BAE1,
				5FE8F7E52BBCA87F33F3E066,
				2B6829D20BF35016C3B36B8E,
				169B8FBC2D6AFEBA33EB1F6B,
				1FE1B953D91F7683A267AD1E,
				76EE5C3EA527C986C38C01C8,
				A39C1DD08591C69CC7451DD7,
				6263F1B0752282F9F3188B09,
				660002164827C189E51CAEC3,
				3BB2B7EB8E43B2CE1AED6944,
				25D75ABE7FFD0A47B4139F66,
				9F9C6E4598950FFEDF4FFFEE,
				BBBFC91F89CAE6603635B1E5,
			);
			runOnlyForDeploymentPostprocessing = 0;
		};
		CC6D66FD30A0B79B0D9D5D43 = {
			isa = PBXFrameworksBuildPhase;
			buildActionMask = 2147483647;
			files = (
				8E938DFAEA5D2A8E8C4A7475,
				4B0EA26241768F63DC64BAE1,
				5FE8F7E52BBCA87F33F3E066,
				2B6829D20BF35016C3B36B8E,
				169B8FBC2D6AFEBA33EB1F6B,
				1FE1B953D91F7683A267AD1E,
				76EE5C3EA527C986C38C01C8,
				A39C1DD08591C69CC7451DD7,
				6263F1B0752282F9F3188B09,
				660002164827C189E51CAEC3,
				3BB2B7EB8E43B2CE1AED6944,
				25D75ABE7FFD0A47B4139F66,
				9F9C6E4598950FFEDF4FFFEE,
				BBBFC91F89CAE6603635B1E5,
			);
			runOnlyForDeploymentPostprocessing = 0;
		};
/* End PBXFrameworksBuildPhase section */

/* Begin PBXGroup section */
		06F4D637974A41D3A7728D62 /* Source */ = {
			isa = PBXGroup;
			children = (
				20CDB3D112616C88016F8D66,
				F8A2109493C2718842E083BC,
				B13A70C39C188B5C785158BB,
				A123D441CD726C49A45C8C13,
			);
			name = Source;
			sourceTree = "<group>";
		};
		1BCE18C92A10EF49E685CEA3 /* Products */ = {
			isa = PBXGroup;
			children = (
				EC334B851071AD2CD540FC8B,
				EF44F0EB5724C30D9E327050,
				16AF44284165D1B776CD76BF,
				CBE6DC5D9E84302810B6E2F1,
				63C91A96D1898B28704849F3,
			);
			name = Products;
			sourceTree = "<group>";
		};
		546C4DBA9D47905114247B03 /* Frameworks */ = {
			isa = PBXGroup;
			children = (
				0A717106530ECFEE0FAE3392,
				FF7F1425FE0F1B1161CC0558,
				479C10AAB609D7B8E9966042,
				79697BD5E45C66B63DE79A34,
				6CB1D282DD869A9D5FFF1747,
				1C4E9DDFC8597BF94B0C6F95,
				CC75D690EF53ADBAF6682302,
				7E0E832CE5721908F4D33C03,
				F19646D0849C9F7F623225C2,
				65129B82C7B60FE28880507F,
				33BCE652F8FB94FA531E513E,
				95525F986E5A93C97B909530,
				19C10B15F5A2A02365887500,
				D11E573297353F72635E2FF5,
				375CFDE9781CBF854C6BC632,
			);
			name = Frameworks;
			sourceTree = "<group>";
		};
		5582A21D89B4A878ED849A6B /* Source */ = {
			isa = PBXGroup;
			children = (
				D42D6F412E39B42D17CB6B69,
				D3085AFE7BC531A5382F5C29,
				6E2B410BA861F042A31282BB,
				75648CBE50E105BB8C7AE1DF,
				546C4DBA9D47905114247B03,
				1BCE18C92A10EF49E685CEA3,
			);
			name = Source;
			sourceTree = "<group>";
		};
		6E2B410BA861F042A31282BB /* JUCE Library Code */ = {
			isa = PBXGroup;
			children = (
				6DA40EEA2E35B4922D743D40,
				2BF52C7942281808072A3A29,
				F683330EED385640F6392D6A,
				7AED27FFDE9BE8F206367EA2,
				C3F3C5FEA5FD4A37600D2DC0,
				25C7460E6A7A1199D2158650,
				F804E4EC1B5AA005A60DA60F,
				DD18A57BA0AD2E5B3E9C9C35,
				7AF22A136FFFBD3DC44E7FDF,
				677854BF706675EF4097DA2D,
				B069F442252B77C0D487FEFF,
				1A53778976E1E24FF01B8CEF,
				81E24FFB6D3648CF7D24AC6A,
				983860EE1FC67604B33B4451,
				DDEC4F3E5CC3E78E6B8EDADE,
				F7BB79668D0825BDB0C9A6B0,
				39A8CC0058ADD5C2DAC2FA92,
				7EE47F7B3040A3465380F4CC,
				DBEDCBC783405FA23F794431,
				406FA2C37EA1648AED706D8D,
				993EA34457E03F4FF43CEBE2,
			);
			name = "JUCE Library Code";
			sourceTree = "<group>";
		};
		75648CBE50E105BB8C7AE1DF /* Resources */ = {
			isa = PBXGroup;
			children = (
				90E8A138B052CFA19C9711B9,
				A1C9737303941FE034566E24,
				E2F285886839F1B084C54F7F,
				D8F83DE7AEACC67280959750,
				72EA3D1219EE2AA5B050D2E6,
			);
			name = Resources;
			sourceTree = "<group>";
		};
		D3085AFE7BC531A5382F5C29 /* JUCE Modules */ = {
			isa = PBXGroup;
			children = (
				A0A388F9B2E3F18D82659EDB,
				9BEEABA3C06ADEA2A915DA54,
				BB7B15405E4123AB1515563F,
				99283B510A2709F24F51D9F3,
				C8BDDC9652D40E940B8B17D7,
				A330A22DCD83F383BC8D8ECF,
				AF874D73FC018FFE356221BB,
				300F58AB362357681B86FD30,
				160EBE9CDE1541633B01A7EF,
				AD4BC8C7102F7CB9262E0292,
				BE840E356D9674BA6ED07644,
				687A64560CED695094C18FF3,
				5E10C855AF19231F00EE0F8F,
			);
			name = "JUCE Modules";
			sourceTree = "<group>";
		};
		D42D6F412E39B42D17CB6B69 /* NewPlugin */ = {
			isa = PBXGroup;
			children = (
				06F4D637974A41D3A7728D62,
			);
			name = NewPlugin;
			sourceTree = "<group>";
		};
/* End PBXGroup section */

/* Begin PBXNativeTarget section */
		465EB72187274D5840BF4AAB /* NewPlugin - VST3 */ = {
			isa = PBXNativeTarget;
			buildConfigurationList = D8097A9CD5F13C54CFD4EC62;
			buildPhases = (
				69AA61CFB71F70E1C0890EA2,
				3C69C0AC250707951F7AA163,
				CC6D66FD30A0B79B0D9D5D43,
				72883DDA0B3CA69F91D508A5,
				809704169FB58B71211EFFCA,
			);
			buildRules = (
			);
			dependencies = (
				782E9FB155F695CC6EA45E64,
				4B2E7F2DF1C7D9E78A22D9F5,
			);
			name = "NewPlugin - VST3";
			productName = NewPlugin;
			productReference = EC334B851071AD2CD540FC8B;
			productType = "com.apple.product-type.bundle";
		};
		635042333739D5EABD3D6F04 /* NewPlugin - VST3 Manifest Helper */ = {
			isa = PBXNativeTarget;
			buildConfigurationList = 6B602F302EE221790E3FC263;
			buildPhases = (
				D4B01E512EC06CA77DC9571C,
				23C8894992298983E6E911A3,
			);
			buildRules = (
			);
			dependencies = (
			);
			name = "NewPlugin - VST3 Manifest Helper";
			productName = NewPlugin;
			productReference = 63C91A96D1898B28704849F3;
			productType = "com.apple.product-type.tool";
		};
		9748C6B43FB8E85C679317EA /* NewPlugin - Shared Code */ = {
			isa = PBXNativeTarget;
			buildConfigurationList = F5E357736CDCE7E02A76D3B0;
			buildPhases = (
				F93879849451AC3AADD4CD1B,
			);
			buildRules = (
			);
			dependencies = (
			);
			name = "NewPlugin - Shared Code";
			productName = NewPlugin;
			productReference = CBE6DC5D9E84302810B6E2F1;
			productType = "com.apple.product-type.library.static";
		};
		C64415A25EB1B405AD04D86A /* NewPlugin - Standalone Plugin */ = {
			isa = PBXNativeTarget;
			buildConfigurationList = 46C9AB7F8DD93A204C9846B3;
			buildPhases = (
				4BE93008B7D75FAAA6E4FD33,
				ECE40FB71B8168EC9F495F27,
				8F7F52F508EA7425F3C04D52,
			);
			buildRules = (
			);
			dependencies = (
				D91BE1E644A0A3BD5DCFA8E0,
			);
			name = "NewPlugin - Standalone Plugin";
			productName = NewPlugin;
			productReference = 16AF44284165D1B776CD76BF;
			productType = "com.apple.product-type.application";
		};
		DF91F3FB7B445C2D4BA5ECF1 /* NewPlugin - AU */ = {
			isa = PBXNativeTarget;
			buildConfigurationList = 7DB04C70335C309B93B46E30;
			buildPhases = (
				5F112776AA2AED2B03702295,
				CA9F7B7813EAC8645E652B6A,
				67A648AF1DF7445B5332CFFE,
				975C0C94CFEB347957C620BC,
			);
			buildRules = (
			);
			dependencies = (
				D113FB446E0A21BE39AE7F71,
			);
			name = "NewPlugin - AU";
			productName = NewPlugin;
			productReference = EF44F0EB5724C30D9E327050;
			productType = "com.apple.product-type.bundle";
		};
/* End PBXNativeTarget section */

/* Begin PBXProject section */
		EF334DF2B8B741162D321A26 = {
			isa = PBXProject;
			attributes = {
				BuildIndependentTargetsInParallel = YES;
				LastUpgradeCheck = 1340;
				ORGANIZATIONNAME = "";
				TargetAttributes = {
					465EB72187274D5840BF4AAB = {
						SystemCapabilities = {
							com.apple.ApplicationGroups.iOS = {
								enabled = 0;
							};
							com.apple.HardenedRuntime = {
								enabled = 0;
							};
							com.apple.InAppPurchase = {
								enabled = 0;
							};
							com.apple.InterAppAudio = {
								enabled = 0;
							};
							com.apple.Push = {
								enabled = 0;
							};
							com.apple.Sandbox = {
								enabled = 0;
							};
						};
					};
					508395E9A63CF794D70AF6E2 = {
						SystemCapabilities = {
							com.apple.ApplicationGroups.iOS = {
								enabled = 0;
							};
							com.apple.HardenedRuntime = {
								enabled = 0;
							};
							com.apple.InAppPurchase = {
								enabled = 0;
							};
							com.apple.InterAppAudio = {
								enabled = 0;
							};
							com.apple.Push = {
								enabled = 0;
							};
							com.apple.Sandbox = {
								enabled = 0;
							};
						};
					};
					635042333739D5EABD3D6F04 = {
						SystemCapabilities = {
							com.apple.ApplicationGroups.iOS = {
								enabled = 0;
							};
							com.apple.HardenedRuntime = {
								enabled = 0;
							};
							com.apple.InAppPurchase = {
								enabled = 0;
							};
							com.apple.InterAppAudio = {
								enabled = 0;
							};
							com.apple.Push = {
								enabled = 0;
							};
							com.apple.Sandbox = {
								enabled = 0;
							};
						};
					};
					9748C6B43FB8E85C679317EA = {
						SystemCapabilities = {
							com.apple.ApplicationGroups.iOS = {
								enabled = 0;
							};
							com.apple.HardenedRuntime = {
								enabled = 0;
							};
							com.apple.InAppPurchase = {
								enabled = 0;
							};
							com.apple.InterAppAudio = {
								enabled = 0;
							};
							com.apple.Push = {
								enabled = 0;
							};
							com.apple.Sandbox = {
								enabled = 0;
							};
						};
					};
					C64415A25EB1B405AD04D86A = {
						SystemCapabilities = {
							com.apple.ApplicationGroups.iOS = {
								enabled = 0;
							};
							com.apple.HardenedRuntime = {
								enabled = 0;
							};
							com.apple.InAppPurchase = {
								enabled = 0;
							};
							com.apple.InterAppAudio = {
								enabled = 0;
							};
							com.apple.Push = {
								enabled = 0;
							};
							com.apple.Sandbox = {
								enabled = 0;
							};
						};
					};
					DF91F3FB7B445C2D4BA5ECF1 = {
						SystemCapabilities = {
							com.apple.ApplicationGroups.iOS = {
								enabled = 0;
							};
							com.apple.HardenedRuntime = {
								enabled = 0;
							};
							com.apple.InAppPurchase = {
								enabled = 0;
							};
							com.apple.InterAppAudio = {
								enabled = 0;
							};
							com.apple.Push = {
								enabled = 0;
							};
							com.apple.Sandbox = {
								enabled = 0;
							};
						};
					};
				};
			};
			buildConfigurationList = 12424C094E42B23BE09E24CB;
			compatibilityVersion = "Xcode 3.2";
			hasScannedForEncodings = 0;
			knownRegions = (
				en,
				Base,
			);
			mainGroup = 5582A21D89B4A878ED849A6B;
			projectDirPath = "";
			projectRoot = "";
			targets = (
				508395E9A63CF794D70AF6E2,
				465EB72187274D5840BF4AAB,
				DF91F3FB7B445C2D4BA5ECF1,
				C64415A25EB1B405AD04D86A,
				9748C6B43FB8E85C679317EA,
				635042333739D5EABD3D6F04,
			);
		};
/* End PBXProject section */

/* Begin PBXResourcesBuildPhase section */
		4BE93008B7D75FAAA6E4FD33 = {
			isa = PBXResourcesBuildPhase;
			buildActionMask = 2147483647;
			files = (
				9B0B3FE79ECF79A7B18305C1,
			);
			runOnlyForDeploymentPostprocessing = 0;
		};
		5F112776AA2AED2B03702295 = {
			isa = PBXResourcesBuildPhase;
			buildActionMask = 2147483647;
			files = (
				9B0B3FE79ECF79A7B18305C1,
			);
			runOnlyForDeploymentPostprocessing = 0;
		};
		69AA61CFB71F70E1C0890EA2 = {
			isa = PBXResourcesBuildPhase;
			buildActionMask = 2147483647;
			files = (
				9B0B3FE79ECF79A7B18305C1,
			);
			runOnlyForDeploymentPostprocessing = 0;
		};
/* End PBXResourcesBuildPhase section */

/* Begin PBXShellScriptBuildPhase section */
		72883DDA0B3CA69F91D508A5 /* Update manifest */ = {
			isa = PBXShellScriptBuildPhase;
			buildActionMask = 2147483647;
			files = (
			);
			runOnlyForDeploymentPostprocessing = 0;
			name = "Update manifest";
			alwaysOutOfDate = 1;
			shellPath = /bin/sh;
			shellScript = "set -e\nrm -f \"$CONFIGURATION_BUILD_DIR/$FULL_PRODUCT_NAME/Contents/moduleinfo.json\"\n\nxcrun codesign --verify \"$CONFIGURATION_BUILD_DIR/$FULL_PRODUCT_NAME\" || xcrun codesign -f -s - \"$CONFIGURATION_BUILD_DIR/$FULL_PRODUCT_NAME\"\n\"$CONFIGURATION_BUILD_DIR/juce_vst3_helper\" -create -version \"1.0.0\" -path \"$CONFIGURATION_BUILD_DIR/$FULL_PRODUCT_NAME\" -output \"$CONFIGURATION_BUILD_DIR/$FULL_PRODUCT_NAME/Contents/Resources/moduleinfo.json\"\n";
		};
		809704169FB58B71211EFFCA /* Plugin Copy Step */ = {
			isa = PBXShellScriptBuildPhase;
			buildActionMask = 2147483647;
			files = (
			);
			runOnlyForDeploymentPostprocessing = 0;
			name = "Plugin Copy Step";
			alwaysOutOfDate = 1;
			shellPath = /bin/sh;
			shellScript = "set -e\n\nif test \"$CONFIGURATION\" = \"Debug\"; then :\n\nxcrun codesign --verify \"${TARGET_BUILD_DIR}/${FULL_PRODUCT_NAME}\" || xcrun codesign -f -s - \"${TARGET_BUILD_DIR}/${FULL_PRODUCT_NAME}\"\n\nif [ -e \"$HOME/Library/Audio/Plug-Ins/VST3/${FULL_PRODUCT_NAME}\" ]; then :\n  echo \"Destination '$HOME/Library/Audio/Plug-Ins/VST3/${FULL_PRODUCT_NAME}' exists, overwriting\"\n  rm -rf \"$HOME/Library/Audio/Plug-Ins/VST3/${FULL_PRODUCT_NAME}\"\nfi\nmkdir -p \"$HOME/Library/Audio/Plug-Ins/VST3/\"\ncp -r \"${TARGET_BUILD_DIR}/${FULL_PRODUCT_NAME}\" \"$HOME/Library/Audio/Plug-Ins/VST3/\"\n\nfi\n\n\nif test \"$CONFIGURATION\" = \"Release\"; then :\n\nxcrun codesign --verify \"${TARGET_BUILD_DIR}/${FULL_PRODUCT_NAME}\" || xcrun codesign -f -s - \"${TARGET_BUILD_DIR}/${FULL_PRODUCT_NAME}\"\n\nif [ -e \"$HOME/Library/Audio/Plug-Ins/VST3/${FULL_PRODUCT_NAME}\" ]; then :\n  echo \"Destination '$HOME/Library/Audio/Plug-Ins/VST3/${FULL_PRODUCT_NAME}' exists, overwriting\"\n  rm -rf \"$HOME/Library/Audio/Plug-Ins/VST3/${FULL_PRODUCT_NAME}\"\nfi\nmkdir -p \"$HOME/Library/Audio/Plug-Ins/VST3/\"\ncp -r \"${TARGET_BUILD_DIR}/${FULL_PRODUCT_NAME}\" \"$HOME/Library/Audio/Plug-Ins/VST3/\"\n\nfi\n";
		};
		975C0C94CFEB347957C620BC /* Plugin Copy Step */ = {
			isa = PBXShellScriptBuildPhase;
			buildActionMask = 2147483647;
			files = (
			);
			runOnlyForDeploymentPostprocessing = 0;
			name = "Plugin Copy Step";
			alwaysOutOfDate = 1;
			shellPath = /bin/sh;
			shellScript = "set -e\n\nif test \"$CONFIGURATION\" = \"Debug\"; then :\n\nxcrun codesign --verify \"${TARGET_BUILD_DIR}/${FULL_PRODUCT_NAME}\" || xcrun codesign -f -s - \"${TARGET_BUILD_DIR}/${FULL_PRODUCT_NAME}\"\n\nif [ -e \"$HOME/Library/Audio/Plug-Ins/Components/${FULL_PRODUCT_NAME}\" ]; then :\n  echo \"Destination '$HOME/Library/Audio/Plug-Ins/Components/${FULL_PRODUCT_NAME}' exists, overwriting\"\n  rm -rf \"$HOME/Library/Audio/Plug-Ins/Components/${FULL_PRODUCT_NAME}\"\nfi\nmkdir -p \"$HOME/Library/Audio/Plug-Ins/Components/\"\ncp -r \"${TARGET_BUILD_DIR}/${FULL_PRODUCT_NAME}\" \"$HOME/Library/Audio/Plug-Ins/Components/\"\n\nfi\n\n\nif test \"$CONFIGURATION\" = \"Release\"; then :\n\nxcrun codesign --verify \"${TARGET_BUILD_DIR}/${FULL_PRODUCT_NAME}\" || xcrun codesign -f -s - \"${TARGET_BUILD_DIR}/${FULL_PRODUCT_NAME}\"\n\nif [ -e \"$HOME/Library/Audio/Plug-Ins/Components/${FULL_PRODUCT_NAME}\" ]; then :\n  echo \"Destination '$HOME/Library/Audio/Plug-Ins/Components/${FULL_PRODUCT_NAME}' exists, overwriting\"\n  rm -rf \"$HOME/Library/Audio/Plug-Ins/Components/${FULL_PRODUCT_NAME}\"\nfi\nmkdir -p \"$HOME/Library/Audio/Plug-Ins/Components/\"\ncp -r \"${TARGET_BUILD_DIR}/${FULL_PRODUCT_NAME}\" \"$HOME/Library/Audio/Plug-Ins/Components/\"\n\nfi\n";
		};
/* End PBXShellScriptBuildPhase section */

/* Begin PBXSourcesBuildPhase section */
		3C69C0AC250707951F7AA163 = {
			isa = PBXSourcesBuildPhase;
			buildActionMask = 2147483647;
			files = (
				E6B5A3CF455C3836BF0E1FF3,
			);
			runOnlyForDeploymentPostprocessing = 0;
		};
		CA9F7B7813EAC8645E652B6A = {
			isa = PBXSourcesBuildPhase;
			buildActionMask = 2147483647;
			files = (
				B717C148DE2924F373CBAA19,
				54395EFB1D34D4581D4E510D,
			);
			runOnlyForDeploymentPostprocessing = 0;
		};
		D4B01E512EC06CA77DC9571C = {
			isa = PBXSourcesBuildPhase;
			buildActionMask = 2147483647;
			files = (
				E1738729D09BD1C478ABCE3C,
			);
			runOnlyForDeploymentPostprocessing = 0;
		};
		ECE40FB71B8168EC9F495F27 = {
			isa = PBXSourcesBuildPhase;
			buildActionMask = 2147483647;
			files = (
				BEF695ADE4CF4AB82D6190C9,
			);
			runOnlyForDeploymentPostprocessing = 0;
		};
		F93879849451AC3AADD4CD1B = {
			isa = PBXSourcesBuildPhase;
			buildActionMask = 2147483647;
			files = (
				3E6D265AC501E14F96232049,
				F1211D8331E634932F73E6FC,
				D7DB982D9EE87ECE56B20461,
				8B971956890A2BEC83E234A1,
				59E1C710548E21478E0C888C,
				D1F5CA2263422870A7FB6C7D,
				35506C31E3AF7E1AAC0CA1C3,
				6C441A9B24E01BFE040B5B27,
				7813CF21112153E6F1116D8C,
				D330E29ADD62810701B09E9B,
				801828C4557C9FE7DFE01C3B,
				8571547ED9053AA0F9634AA9,
				D11D4328630C86F18CB512FF,
				7863816C87AF16AB5FDA384C,
				387493EF5A5CCC6EDA09047A,
				9A0B5BA827922F140E1F8426,
				A41152E0E5658589F5C34B4A,
			);
			runOnlyForDeploymentPostprocessing = 0;
		};
/* End PBXSourcesBuildPhase section */

/* Begin PBXTargetDependency section */
		24254754BCCDEAFEAB8A5B0F = {
			isa = PBXTargetDependency;
			target = 635042333739D5EABD3D6F04;
		};
		4B2E7F2DF1C7D9E78A22D9F5 = {
			isa = PBXTargetDependency;
			target = 635042333739D5EABD3D6F04;
		};
		5219065254BE9C76C31BBA67 = {
			isa = PBXTargetDependency;
			target = DF91F3FB7B445C2D4BA5ECF1;
		};
		7257B59215BAE37E0912308C = {
			isa = PBXTargetDependency;
			target = 465EB72187274D5840BF4AAB;
		};
		782E9FB155F695CC6EA45E64 = {
			isa = PBXTargetDependency;
			target = 9748C6B43FB8E85C679317EA;
		};
		97669887D7F97E9AB760F9EA = {
			isa = PBXTargetDependency;
			target = 9748C6B43FB8E85C679317EA;
		};
		A110B5409529DB7D010F0B10 = {
			isa = PBXTargetDependency;
			target = C64415A25EB1B405AD04D86A;
		};
		D113FB446E0A21BE39AE7F71 = {
			isa = PBXTargetDependency;
			target = 9748C6B43FB8E85C679317EA;
		};
		D91BE1E644A0A3BD5DCFA8E0 = {
			isa = PBXTargetDependency;
			target = 9748C6B43FB8E85C679317EA;
		};
/* End PBXTargetDependency section */

/* Begin XCBuildConfiguration section */
		0BFACFD00D2041D02F0D37F1 /* Release */ = {
			isa = XCBuildConfiguration;
			buildSettings = {
				ALWAYS_SEARCH_USER_PATHS = NO;
				CLANG_ENABLE_OBJC_WEAK = YES;
				CLANG_WARN_BLOCK_CAPTURE_AUTORELEASING = YES;
				CLANG_WARN_BOOL_CONVERSION = YES;
				CLANG_WARN_COMMA = YES;
				CLANG_WARN_CONSTANT_CONVERSION = YES;
				CLANG_WARN_DEPRECATED_OBJC_IMPLEMENTATIONS = YES;
				CLANG_WARN_EMPTY_BODY = YES;
				CLANG_WARN_ENUM_CONVERSION = YES;
				CLANG_WARN_INFINITE_RECURSION = YES;
				CLANG_WARN_INT_CONVERSION = YES;
				CLANG_WARN_NON_LITERAL_NULL_CONVERSION = YES;
				CLANG_WARN_OBJC_IMPLICIT_RETAIN_SELF = YES;
				CLANG_WARN_OBJC_LITERAL_CONVERSION = YES;
				CLANG_WARN_RANGE_LOOP_ANALYSIS = YES;
				CLANG_WARN_STRICT_PROTOTYPES = YES;
				CLANG_WARN_SUSPICIOUS_MOVE = YES;
				CLANG_WARN_UNREACHABLE_CODE = YES;
				CLANG_WARN__DUPLICATE_METHOD_MATCH = YES;
				DEBUG_INFORMATION_FORMAT = dwarf;
				ENABLE_STRICT_OBJC_MSGSEND = YES;
				ENABLE_TESTABILITY = NO;
				GCC_C_LANGUAGE_STANDARD = c11;
				GCC_INLINES_ARE_PRIVATE_EXTERN = YES;
				GCC_MODEL_TUNING = G5;
				GCC_NO_COMMON_BLOCKS = YES;
				GCC_SYMBOLS_PRIVATE_EXTERN = YES;
				GCC_WARN_64_TO_32_BIT_CONVERSION = YES;
				GCC_WARN_ABOUT_RETURN_TYPE = YES;
				GCC_WARN_CHECK_SWITCH_STATEMENTS = YES;
				GCC_WARN_MISSING_PARENTHESES = YES;
				GCC_WARN_NON_VIRTUAL_DESTRUCTOR = YES;
				GCC_WARN_TYPECHECK_CALLS_TO_PRINTF = YES;
				GCC_WARN_UNDECLARED_SELECTOR = YES;
				GCC_WARN_UNINITIALIZED_AUTOS = YES;
				GCC_WARN_UNUSED_FUNCTION = YES;
				GCC_WARN_UNUSED_VARIABLE = YES;
				PRODUCT_NAME = "NewPlugin";
				SDKROOT = macosx;
				WARNING_CFLAGS = "-Wreorder";
				ZERO_LINK = NO;
			};
			name = Release;
		};
		315CA81D5DF7DCC6121665C2 /* Release */ = {
			isa = XCBuildConfiguration;
			buildSettings = {
				CLANG_CXX_LANGUAGE_STANDARD = "c++17";
				CLANG_CXX_LIBRARY = "libc++";
				CLANG_LINK_OBJC_RUNTIME = NO;
				COMBINE_HIDPI_IMAGES = YES;
				CONFIGURATION_BUILD_DIR = "$(PROJECT_DIR)/build/$(CONFIGURATION)";
				DEAD_CODE_STRIPPING = YES;
				EXCLUDED_ARCHS = "";
				GCC_GENERATE_DEBUGGING_SYMBOLS = NO;
				GCC_OPTIMIZATION_LEVEL = 3;
				GCC_PREPROCESSOR_DEFINITIONS = (
					"_NDEBUG=1",
					"NDEBUG=1",
					"JUCE_DISPLAY_SPLASH_SCREEN=1",
					"JUCE_USE_DARK_SPLASH_SCREEN=1",
					"JUCE_PROJUCER_VERSION=0x70008",
					"JUCE_MODULE_AVAILABLE_juce_audio_basics=1",
					"JUCE_MODULE_AVAILABLE_juce_audio_devices=1",
					"JUCE_MODULE_AVAILABLE_juce_audio_formats=1",
					"JUCE_MODULE_AVAILABLE_juce_audio_plugin_client=1",
					"JUCE_MODULE_AVAILABLE_juce_audio_processors=1",
					"JUCE_MODULE_AVAILABLE_juce_audio_utils=1",
					"JUCE_MODULE_AVAILABLE_juce_core=1",
					"JUCE_MODULE_AVAILABLE_juce_data_structures=1",
					"JUCE_MODULE_AVAILABLE_juce_dsp=1",
					"JUCE_MODULE_AVAILABLE_juce_events=1",
					"JUCE_MODULE_AVAILABLE_juce_graphics=1",
					"JUCE_MODULE_AVAILABLE_juce_gui_basics=1",
					"JUCE_MODULE_AVAILABLE_juce_gui_extra=1",
					"JUCE_GLOBAL_MODULE_SETTINGS_INCLUDED=1",
					"JUCE_VST3_CAN_REPLACE_VST2=0",
					"JUCE_STRICT_REFCOUNTEDPOINTER=1",
					"JucePlugin_Build_VST=0",
					"JucePlugin_Build_VST3=1",
					"JucePlugin_Build_AU=0",
					"JucePlugin_Build_AUv3=0",
					"JucePlugin_Build_AAX=0",
					"JucePlugin_Build_Standalone=0",
					"JucePlugin_Build_Unity=0",
					"JucePlugin_Build_LV2=0",
					"JucePlugin_Enable_IAA=0",
					"JucePlugin_Enable_ARA=0",
					"JucePlugin_Name=\\\"NewPlugin\\\"",
					"JucePlugin_Desc=\\\"NewPlugin\\\"",
					"JucePlugin_Manufacturer=\\\"yourcompany\\\"",
					"JucePlugin_ManufacturerWebsite=\\\"www.yourcompany.com\\\"",
					"JucePlugin_ManufacturerEmail=\\\"\\\"",
					"JucePlugin_ManufacturerCode=0x4d616e75",
					"JucePlugin_PluginCode=0x48637870",
					"JucePlugin_IsSynth=0",
					"JucePlugin_WantsMidiInput=0",
					"JucePlugin_ProducesMidiOutput=0",
					"JucePlugin_IsMidiEffect=0",
					"JucePlugin_EditorRequiresKeyboardFocus=0",
					"JucePlugin_Version=1.0.0",
					"JucePlugin_VersionCode=0x10000",
					"JucePlugin_VersionString=\\\"1.0.0\\\"",
					"JucePlugin_VSTUniqueID=JucePlugin_PluginCode",
					"JucePlugin_VSTCategory=kPlugCategEffect",
					"JucePlugin_Vst3Category=\\\"Fx|Reverb\\\"",
					"JucePlugin_AUMainType=\\'aufx\\'",
					"JucePlugin_AUSubType=JucePlugin_PluginCode",
					"JucePlugin_AUExportPrefix=NewPluginAU",
					"JucePlugin_AUExportPrefixQuoted=\\\"NewPluginAU\\\"",
					"JucePlugin_AUManufacturerCode=JucePlugin_ManufacturerCode",
					"JucePlugin_CFBundleIdentifier=com.yourcompany.NewPlugin",
					"JucePlugin_AAXIdentifier=com.yourcompany.NewPlugin",
					"JucePlugin_AAXManufacturerCode=JucePlugin_ManufacturerCode",
					"JucePlugin_AAXProductId=JucePlugin_PluginCode",
					"JucePlugin_AAXCategory=0",
					"JucePlugin_AAXDisableBypass=0",
					"JucePlugin_AAXDisableMultiMono=0",
					"JucePlugin_IAAType=0x61757278",
					"JucePlugin_IAASubType=JucePlugin_PluginCode",
					"JucePlugin_IAAName=\\\"yourcompany:\\ NewPlugin\\\"",
					"JucePlugin_VSTNumMidiInputs=16",
					"JucePlugin_VSTNumMidiOutputs=16",
					"JucePlugin_ARAContentTypes=0",
					"JucePlugin_ARATransformationFlags=0",
					"JucePlugin_ARAFactoryID=\\\"com.yourcompany.NewPlugin.factory\\\"",
					"JucePlugin_ARADocumentArchiveID=\\\"com.yourcompany.NewPlugin.aradocumentarchive.1.0.0\\\"",
					"JucePlugin_ARACompatibleArchiveIDs=\\\"\\\"",
					"JUCE_STANDALONE_APPLICATION=JucePlugin_Build_Standalone",
					"JUCER_XCODE_MAC_F6D2F4CF=1",
					"JUCE_APP_VERSION=1.0.0",
					"JUCE_APP_VERSION_HEX=0x10000",
				);
				GCC_VERSION = com.apple.compilers.llvm.clang.1_0;
				GENERATE_PKGINFO_FILE = YES;
				HEADER_SEARCH_PATHS = (
					"/Users/rinascita/Documents/GitHub/JUCE/modules/juce_audio_processors/format_types/VST3_SDK",
					"$(SRCROOT)/../../JuceLibraryCode",
					"/Users/rinascita/Documents/GitHub/JUCE/modules",
					"/Users/rinascita/Documents/GitHub/JUCE/modules/juce_audio_plugin_client/AU",
					"$(inherited)",
				);
				INFOPLIST_FILE = Info-VST3.plist;
				INFOPLIST_PREPROCESS = NO;
				INSTALL_PATH = "$(HOME)/Library/Audio/Plug-Ins/VST3/";
				LIBRARY_STYLE = Bundle;
				LLVM_LTO = YES;
				MACOSX_DEPLOYMENT_TARGET = 10.13;
				MTL_HEADER_SEARCH_PATHS = "/Users/rinascita/Documents/GitHub/JUCE/modules/juce_audio_processors/format_types/VST3_SDK $(SRCROOT)/../../JuceLibraryCode /Users/rinascita/Documents/GitHub/JUCE/modules /Users/rinascita/Documents/GitHub/JUCE/modules/juce_audio_plugin_client/AU";
				OTHER_LDFLAGS = "-bundle -lNewPlugin";
				PRODUCT_BUNDLE_IDENTIFIER = com.yourcompany.NewPlugin;
				PRODUCT_NAME = "NewPlugin";
				USE_HEADERMAP = NO;
				VALID_ARCHS = "i386 x86_64 arm64 arm64e";
				WRAPPER_EXTENSION = vst3;
			};
			name = Release;
		};
		4DB15BABEE972FBC28A7C4AD /* Debug */ = {
			isa = XCBuildConfiguration;
			buildSettings = {
				CLANG_CXX_LANGUAGE_STANDARD = "c++17";
				CLANG_CXX_LIBRARY = "libc++";
				CLANG_LINK_OBJC_RUNTIME = NO;
				COMBINE_HIDPI_IMAGES = YES;
				CONFIGURATION_BUILD_DIR = "$(PROJECT_DIR)/build/$(CONFIGURATION)";
				COPY_PHASE_STRIP = NO;
				EXCLUDED_ARCHS = "";
				GCC_DYNAMIC_NO_PIC = NO;
				GCC_OPTIMIZATION_LEVEL = 0;
				GCC_PREPROCESSOR_DEFINITIONS = (
					"_DEBUG=1",
					"DEBUG=1",
					"JUCE_DISPLAY_SPLASH_SCREEN=1",
					"JUCE_USE_DARK_SPLASH_SCREEN=1",
					"JUCE_PROJUCER_VERSION=0x70008",
					"JUCE_MODULE_AVAILABLE_juce_audio_basics=1",
					"JUCE_MODULE_AVAILABLE_juce_audio_devices=1",
					"JUCE_MODULE_AVAILABLE_juce_audio_formats=1",
					"JUCE_MODULE_AVAILABLE_juce_audio_plugin_client=1",
					"JUCE_MODULE_AVAILABLE_juce_audio_processors=1",
					"JUCE_MODULE_AVAILABLE_juce_audio_utils=1",
					"JUCE_MODULE_AVAILABLE_juce_core=1",
					"JUCE_MODULE_AVAILABLE_juce_data_structures=1",
					"JUCE_MODULE_AVAILABLE_juce_dsp=1",
					"JUCE_MODULE_AVAILABLE_juce_events=1",
					"JUCE_MODULE_AVAILABLE_juce_graphics=1",
					"JUCE_MODULE_AVAILABLE_juce_gui_basics=1",
					"JUCE_MODULE_AVAILABLE_juce_gui_extra=1",
					"JUCE_GLOBAL_MODULE_SETTINGS_INCLUDED=1",
					"JUCE_VST3_CAN_REPLACE_VST2=0",
					"JUCE_STRICT_REFCOUNTEDPOINTER=1",
					"JucePlugin_Build_VST=0",
					"JucePlugin_Build_VST3=1",
					"JucePlugin_Build_AU=0",
					"JucePlugin_Build_AUv3=0",
					"JucePlugin_Build_AAX=0",
					"JucePlugin_Build_Standalone=0",
					"JucePlugin_Build_Unity=0",
					"JucePlugin_Build_LV2=0",
					"JucePlugin_Enable_IAA=0",
					"JucePlugin_Enable_ARA=0",
					"JucePlugin_Name=\\\"NewPlugin\\\"",
					"JucePlugin_Desc=\\\"NewPlugin\\\"",
					"JucePlugin_Manufacturer=\\\"yourcompany\\\"",
					"JucePlugin_ManufacturerWebsite=\\\"www.yourcompany.com\\\"",
					"JucePlugin_ManufacturerEmail=\\\"\\\"",
					"JucePlugin_ManufacturerCode=0x4d616e75",
					"JucePlugin_PluginCode=0x48637870",
					"JucePlugin_IsSynth=0",
					"JucePlugin_WantsMidiInput=0",
					"JucePlugin_ProducesMidiOutput=0",
					"JucePlugin_IsMidiEffect=0",
					"JucePlugin_EditorRequiresKeyboardFocus=0",
					"JucePlugin_Version=1.0.0",
					"JucePlugin_VersionCode=0x10000",
					"JucePlugin_VersionString=\\\"1.0.0\\\"",
					"JucePlugin_VSTUniqueID=JucePlugin_PluginCode",
					"JucePlugin_VSTCategory=kPlugCategEffect",
					"JucePlugin_Vst3Category=\\\"Fx|Reverb\\\"",
					"JucePlugin_AUMainType=\\'aufx\\'",
					"JucePlugin_AUSubType=JucePlugin_PluginCode",
					"JucePlugin_AUExportPrefix=NewPluginAU",
					"JucePlugin_AUExportPrefixQuoted=\\\"NewPluginAU\\\"",
					"JucePlugin_AUManufacturerCode=JucePlugin_ManufacturerCode",
					"JucePlugin_CFBundleIdentifier=com.yourcompany.NewPlugin",
					"JucePlugin_AAXIdentifier=com.yourcompany.NewPlugin",
					"JucePlugin_AAXManufacturerCode=JucePlugin_ManufacturerCode",
					"JucePlugin_AAXProductId=JucePlugin_PluginCode",
					"JucePlugin_AAXCategory=0",
					"JucePlugin_AAXDisableBypass=0",
					"JucePlugin_AAXDisableMultiMono=0",
					"JucePlugin_IAAType=0x61757278",
					"JucePlugin_IAASubType=JucePlugin_PluginCode",
					"JucePlugin_IAAName=\\\"yourcompany:\\ NewPlugin\\\"",
					"JucePlugin_VSTNumMidiInputs=16",
					"JucePlugin_VSTNumMidiOutputs=16",
					"JucePlugin_ARAContentTypes=0",
					"JucePlugin_ARATransformationFlags=0",
					"JucePlugin_ARAFactoryID=\\\"com.yourcompany.NewPlugin.factory\\\"",
					"JucePlugin_ARADocumentArchiveID=\\\"com.yourcompany.NewPlugin.aradocumentarchive.1.0.0\\\"",
					"JucePlugin_ARACompatibleArchiveIDs=\\\"\\\"",
					"JUCE_STANDALONE_APPLICATION=JucePlugin_Build_Standalone",
					"JUCER_XCODE_MAC_F6D2F4CF=1",
					"JUCE_APP_VERSION=1.0.0",
					"JUCE_APP_VERSION_HEX=0x10000",
				);
				GCC_VERSION = com.apple.compilers.llvm.clang.1_0;
				GENERATE_PKGINFO_FILE = YES;
				HEADER_SEARCH_PATHS = (
					"/Users/rinascita/Documents/GitHub/JUCE/modules/juce_audio_processors/format_types/VST3_SDK",
					"$(SRCROOT)/../../JuceLibraryCode",
					"/Users/rinascita/Documents/GitHub/JUCE/modules",
					"/Users/rinascita/Documents/GitHub/JUCE/modules/juce_audio_plugin_client/AU",
					"$(inherited)",
				);
				INFOPLIST_FILE = Info-VST3.plist;
				INFOPLIST_PREPROCESS = NO;
				INSTALL_PATH = "$(HOME)/Library/Audio/Plug-Ins/VST3/";
				LIBRARY_STYLE = Bundle;
				MACOSX_DEPLOYMENT_TARGET = 10.13;
				MTL_HEADER_SEARCH_PATHS = "/Users/rinascita/Documents/GitHub/JUCE/modules/juce_audio_processors/format_types/VST3_SDK $(SRCROOT)/../../JuceLibraryCode /Users/rinascita/Documents/GitHub/JUCE/modules /Users/rinascita/Documents/GitHub/JUCE/modules/juce_audio_plugin_client/AU";
				OTHER_LDFLAGS = "-bundle -lNewPlugin";
				PRODUCT_BUNDLE_IDENTIFIER = com.yourcompany.NewPlugin;
				PRODUCT_NAME = "NewPlugin";
				USE_HEADERMAP = NO;
				VALID_ARCHS = "i386 x86_64 arm64 arm64e";
				WRAPPER_EXTENSION = vst3;
			};
			name = Debug;
		};
		5DF6EB9E665AE0A4BF0B6A76 /* Release */ = {
			isa = XCBuildConfiguration;
			buildSettings = {
				CLANG_CXX_LANGUAGE_STANDARD = "c++17";
				CLANG_CXX_LIBRARY = "libc++";
				CLANG_LINK_OBJC_RUNTIME = NO;
				COMBINE_HIDPI_IMAGES = YES;
				CONFIGURATION_BUILD_DIR = "$(PROJECT_DIR)/build/$(CONFIGURATION)";
				DEAD_CODE_STRIPPING = YES;
				EXCLUDED_ARCHS = "";
				GCC_GENERATE_DEBUGGING_SYMBOLS = NO;
				GCC_OPTIMIZATION_LEVEL = 3;
				GCC_PREPROCESSOR_DEFINITIONS = (
					"_NDEBUG=1",
					"NDEBUG=1",
					"JUCE_DISPLAY_SPLASH_SCREEN=1",
					"JUCE_USE_DARK_SPLASH_SCREEN=1",
					"JUCE_PROJUCER_VERSION=0x70008",
					"JUCE_MODULE_AVAILABLE_juce_audio_basics=1",
					"JUCE_MODULE_AVAILABLE_juce_audio_devices=1",
					"JUCE_MODULE_AVAILABLE_juce_audio_formats=1",
					"JUCE_MODULE_AVAILABLE_juce_audio_plugin_client=1",
					"JUCE_MODULE_AVAILABLE_juce_audio_processors=1",
					"JUCE_MODULE_AVAILABLE_juce_audio_utils=1",
					"JUCE_MODULE_AVAILABLE_juce_core=1",
					"JUCE_MODULE_AVAILABLE_juce_data_structures=1",
					"JUCE_MODULE_AVAILABLE_juce_dsp=1",
					"JUCE_MODULE_AVAILABLE_juce_events=1",
					"JUCE_MODULE_AVAILABLE_juce_graphics=1",
					"JUCE_MODULE_AVAILABLE_juce_gui_basics=1",
					"JUCE_MODULE_AVAILABLE_juce_gui_extra=1",
					"JUCE_GLOBAL_MODULE_SETTINGS_INCLUDED=1",
					"JUCE_VST3_CAN_REPLACE_VST2=0",
					"JUCE_STRICT_REFCOUNTEDPOINTER=1",
					"JucePlugin_Build_VST=0",
					"JucePlugin_Build_VST3=0",
					"JucePlugin_Build_AU=0",
					"JucePlugin_Build_AUv3=0",
					"JucePlugin_Build_AAX=0",
					"JucePlugin_Build_Standalone=1",
					"JucePlugin_Build_Unity=0",
					"JucePlugin_Build_LV2=0",
					"JucePlugin_Enable_IAA=0",
					"JucePlugin_Enable_ARA=0",
					"JucePlugin_Name=\\\"NewPlugin\\\"",
					"JucePlugin_Desc=\\\"NewPlugin\\\"",
					"JucePlugin_Manufacturer=\\\"yourcompany\\\"",
					"JucePlugin_ManufacturerWebsite=\\\"www.yourcompany.com\\\"",
					"JucePlugin_ManufacturerEmail=\\\"\\\"",
					"JucePlugin_ManufacturerCode=0x4d616e75",
					"JucePlugin_PluginCode=0x48637870",
					"JucePlugin_IsSynth=0",
					"JucePlugin_WantsMidiInput=0",
					"JucePlugin_ProducesMidiOutput=0",
					"JucePlugin_IsMidiEffect=0",
					"JucePlugin_EditorRequiresKeyboardFocus=0",
					"JucePlugin_Version=1.0.0",
					"JucePlugin_VersionCode=0x10000",
					"JucePlugin_VersionString=\\\"1.0.0\\\"",
					"JucePlugin_VSTUniqueID=JucePlugin_PluginCode",
					"JucePlugin_VSTCategory=kPlugCategEffect",
					"JucePlugin_Vst3Category=\\\"Fx|Reverb\\\"",
					"JucePlugin_AUMainType=\\'aufx\\'",
					"JucePlugin_AUSubType=JucePlugin_PluginCode",
					"JucePlugin_AUExportPrefix=NewPluginAU",
					"JucePlugin_AUExportPrefixQuoted=\\\"NewPluginAU\\\"",
					"JucePlugin_AUManufacturerCode=JucePlugin_ManufacturerCode",
					"JucePlugin_CFBundleIdentifier=com.yourcompany.NewPlugin",
					"JucePlugin_AAXIdentifier=com.yourcompany.NewPlugin",
					"JucePlugin_AAXManufacturerCode=JucePlugin_ManufacturerCode",
					"JucePlugin_AAXProductId=JucePlugin_PluginCode",
					"JucePlugin_AAXCategory=0",
					"JucePlugin_AAXDisableBypass=0",
					"JucePlugin_AAXDisableMultiMono=0",
					"JucePlugin_IAAType=0x61757278",
					"JucePlugin_IAASubType=JucePlugin_PluginCode",
					"JucePlugin_IAAName=\\\"yourcompany:\\ NewPlugin\\\"",
					"JucePlugin_VSTNumMidiInputs=16",
					"JucePlugin_VSTNumMidiOutputs=16",
					"JucePlugin_ARAContentTypes=0",
					"JucePlugin_ARATransformationFlags=0",
					"JucePlugin_ARAFactoryID=\\\"com.yourcompany.NewPlugin.factory\\\"",
					"JucePlugin_ARADocumentArchiveID=\\\"com.yourcompany.NewPlugin.aradocumentarchive.1.0.0\\\"",
					"JucePlugin_ARACompatibleArchiveIDs=\\\"\\\"",
					"JUCE_STANDALONE_APPLICATION=JucePlugin_Build_Standalone",
					"JUCER_XCODE_MAC_F6D2F4CF=1",
					"JUCE_APP_VERSION=1.0.0",
					"JUCE_APP_VERSION_HEX=0x10000",
				);
				GCC_VERSION = com.apple.compilers.llvm.clang.1_0;
				HEADER_SEARCH_PATHS = (
					"/Users/rinascita/Documents/GitHub/JUCE/modules/juce_audio_processors/format_types/VST3_SDK",
					"$(SRCROOT)/../../JuceLibraryCode",
					"/Users/rinascita/Documents/GitHub/JUCE/modules",
					"/Users/rinascita/Documents/GitHub/JUCE/modules/juce_audio_plugin_client/AU",
					"$(inherited)",
				);
				INFOPLIST_FILE = Info-Standalone_Plugin.plist;
				INFOPLIST_PREPROCESS = NO;
				LLVM_LTO = YES;
				MACOSX_DEPLOYMENT_TARGET = 10.13;
				MTL_HEADER_SEARCH_PATHS = "/Users/rinascita/Documents/GitHub/JUCE/modules/juce_audio_processors/format_types/VST3_SDK $(SRCROOT)/../../JuceLibraryCode /Users/rinascita/Documents/GitHub/JUCE/modules /Users/rinascita/Documents/GitHub/JUCE/modules/juce_audio_plugin_client/AU";
				OTHER_LDFLAGS = "-lNewPlugin";
				PRODUCT_BUNDLE_IDENTIFIER = com.yourcompany.NewPlugin;
				PRODUCT_NAME = "NewPlugin";
				USE_HEADERMAP = NO;
				VALID_ARCHS = "i386 x86_64 arm64 arm64e";
			};
			name = Release;
		};
		70D45F5906498C3743FE2922 /* Debug */ = {
			isa = XCBuildConfiguration;
			buildSettings = {
				CLANG_CXX_LANGUAGE_STANDARD = "c++17";
				CLANG_CXX_LIBRARY = "libc++";
				CLANG_LINK_OBJC_RUNTIME = NO;
				COMBINE_HIDPI_IMAGES = YES;
				CONFIGURATION_BUILD_DIR = "$(PROJECT_DIR)/build/$(CONFIGURATION)";
				COPY_PHASE_STRIP = NO;
				EXCLUDED_ARCHS = "";
				GCC_DYNAMIC_NO_PIC = NO;
				GCC_OPTIMIZATION_LEVEL = 0;
				GCC_PREPROCESSOR_DEFINITIONS = (
					"_DEBUG=1",
					"DEBUG=1",
					"JUCE_DISPLAY_SPLASH_SCREEN=1",
					"JUCE_USE_DARK_SPLASH_SCREEN=1",
					"JUCE_PROJUCER_VERSION=0x70008",
					"JUCE_MODULE_AVAILABLE_juce_audio_basics=1",
					"JUCE_MODULE_AVAILABLE_juce_audio_devices=1",
					"JUCE_MODULE_AVAILABLE_juce_audio_formats=1",
					"JUCE_MODULE_AVAILABLE_juce_audio_plugin_client=1",
					"JUCE_MODULE_AVAILABLE_juce_audio_processors=1",
					"JUCE_MODULE_AVAILABLE_juce_audio_utils=1",
					"JUCE_MODULE_AVAILABLE_juce_core=1",
					"JUCE_MODULE_AVAILABLE_juce_data_structures=1",
					"JUCE_MODULE_AVAILABLE_juce_dsp=1",
					"JUCE_MODULE_AVAILABLE_juce_events=1",
					"JUCE_MODULE_AVAILABLE_juce_graphics=1",
					"JUCE_MODULE_AVAILABLE_juce_gui_basics=1",
					"JUCE_MODULE_AVAILABLE_juce_gui_extra=1",
					"JUCE_GLOBAL_MODULE_SETTINGS_INCLUDED=1",
					"JUCE_VST3_CAN_REPLACE_VST2=0",
					"JUCE_STRICT_REFCOUNTEDPOINTER=1",
					"JucePlugin_Build_VST=0",
					"JucePlugin_Build_VST3=0",
					"JucePlugin_Build_AU=0",
					"JucePlugin_Build_AUv3=0",
					"JucePlugin_Build_AAX=0",
					"JucePlugin_Build_Standalone=1",
					"JucePlugin_Build_Unity=0",
					"JucePlugin_Build_LV2=0",
					"JucePlugin_Enable_IAA=0",
					"JucePlugin_Enable_ARA=0",
					"JucePlugin_Name=\\\"NewPlugin\\\"",
					"JucePlugin_Desc=\\\"NewPlugin\\\"",
					"JucePlugin_Manufacturer=\\\"yourcompany\\\"",
					"JucePlugin_ManufacturerWebsite=\\\"www.yourcompany.com\\\"",
					"JucePlugin_ManufacturerEmail=\\\"\\\"",
					"JucePlugin_ManufacturerCode=0x4d616e75",
					"JucePlugin_PluginCode=0x48637870",
					"JucePlugin_IsSynth=0",
					"JucePlugin_WantsMidiInput=0",
					"JucePlugin_ProducesMidiOutput=0",
					"JucePlugin_IsMidiEffect=0",
					"JucePlugin_EditorRequiresKeyboardFocus=0",
					"JucePlugin_Version=1.0.0",
					"JucePlugin_VersionCode=0x10000",
					"JucePlugin_VersionString=\\\"1.0.0\\\"",
					"JucePlugin_VSTUniqueID=JucePlugin_PluginCode",
					"JucePlugin_VSTCategory=kPlugCategEffect",
					"JucePlugin_Vst3Category=\\\"Fx|Reverb\\\"",
					"JucePlugin_AUMainType=\\'aufx\\'",
					"JucePlugin_AUSubType=JucePlugin_PluginCode",
					"JucePlugin_AUExportPrefix=NewPluginAU",
					"JucePlugin_AUExportPrefixQuoted=\\\"NewPluginAU\\\"",
					"JucePlugin_AUManufacturerCode=JucePlugin_ManufacturerCode",
					"JucePlugin_CFBundleIdentifier=com.yourcompany.NewPlugin",
					"JucePlugin_AAXIdentifier=com.yourcompany.NewPlugin",
					"JucePlugin_AAXManufacturerCode=JucePlugin_ManufacturerCode",
					"JucePlugin_AAXProductId=JucePlugin_PluginCode",
					"JucePlugin_AAXCategory=0",
					"JucePlugin_AAXDisableBypass=0",
					"JucePlugin_AAXDisableMultiMono=0",
					"JucePlugin_IAAType=0x61757278",
					"JucePlugin_IAASubType=JucePlugin_PluginCode",
					"JucePlugin_IAAName=\\\"yourcompany:\\ NewPlugin\\\"",
					"JucePlugin_VSTNumMidiInputs=16",
					"JucePlugin_VSTNumMidiOutputs=16",
					"JucePlugin_ARAContentTypes=0",
					"JucePlugin_ARATransformationFlags=0",
					"JucePlugin_ARAFactoryID=\\\"com.yourcompany.NewPlugin.factory\\\"",
					"JucePlugin_ARADocumentArchiveID=\\\"com.yourcompany.NewPlugin.aradocumentarchive.1.0.0\\\"",
					"JucePlugin_ARACompatibleArchiveIDs=\\\"\\\"",
					"JUCE_STANDALONE_APPLICATION=JucePlugin_Build_Standalone",
					"JUCER_XCODE_MAC_F6D2F4CF=1",
					"JUCE_APP_VERSION=1.0.0",
					"JUCE_APP_VERSION_HEX=0x10000",
				);
				GCC_VERSION = com.apple.compilers.llvm.clang.1_0;
				HEADER_SEARCH_PATHS = (
					"/Users/rinascita/Documents/GitHub/JUCE/modules/juce_audio_processors/format_types/VST3_SDK",
					"$(SRCROOT)/../../JuceLibraryCode",
					"/Users/rinascita/Documents/GitHub/JUCE/modules",
					"/Users/rinascita/Documents/GitHub/JUCE/modules/juce_audio_plugin_client/AU",
					"$(inherited)",
				);
				INFOPLIST_FILE = Info-Standalone_Plugin.plist;
				INFOPLIST_PREPROCESS = NO;
				MACOSX_DEPLOYMENT_TARGET = 10.13;
				MTL_HEADER_SEARCH_PATHS = "/Users/rinascita/Documents/GitHub/JUCE/modules/juce_audio_processors/format_types/VST3_SDK $(SRCROOT)/../../JuceLibraryCode /Users/rinascita/Documents/GitHub/JUCE/modules /Users/rinascita/Documents/GitHub/JUCE/modules/juce_audio_plugin_client/AU";
				OTHER_LDFLAGS = "-lNewPlugin";
				PRODUCT_BUNDLE_IDENTIFIER = com.yourcompany.NewPlugin;
				PRODUCT_NAME = "NewPlugin";
				USE_HEADERMAP = NO;
				VALID_ARCHS = "i386 x86_64 arm64 arm64e";
			};
			name = Debug;
		};
		82E02F201585A386C5D14C85 /* Release */ = {
			isa = XCBuildConfiguration;
			buildSettings = {
				CLANG_CXX_LANGUAGE_STANDARD = "c++17";
				CLANG_CXX_LIBRARY = "libc++";
				CLANG_LINK_OBJC_RUNTIME = NO;
				COMBINE_HIDPI_IMAGES = YES;
				CONFIGURATION_BUILD_DIR = "$(PROJECT_DIR)/build/$(CONFIGURATION)";
				DEAD_CODE_STRIPPING = YES;
				EXCLUDED_ARCHS = "";
				GCC_GENERATE_DEBUGGING_SYMBOLS = NO;
				GCC_OPTIMIZATION_LEVEL = 3;
				GCC_PREPROCESSOR_DEFINITIONS = (
					"_NDEBUG=1",
					"NDEBUG=1",
					"JUCE_DISPLAY_SPLASH_SCREEN=1",
					"JUCE_USE_DARK_SPLASH_SCREEN=1",
					"JUCE_PROJUCER_VERSION=0x70008",
					"JUCE_MODULE_AVAILABLE_juce_audio_basics=1",
					"JUCE_MODULE_AVAILABLE_juce_audio_devices=1",
					"JUCE_MODULE_AVAILABLE_juce_audio_formats=1",
					"JUCE_MODULE_AVAILABLE_juce_audio_plugin_client=1",
					"JUCE_MODULE_AVAILABLE_juce_audio_processors=1",
					"JUCE_MODULE_AVAILABLE_juce_audio_utils=1",
					"JUCE_MODULE_AVAILABLE_juce_core=1",
					"JUCE_MODULE_AVAILABLE_juce_data_structures=1",
					"JUCE_MODULE_AVAILABLE_juce_dsp=1",
					"JUCE_MODULE_AVAILABLE_juce_events=1",
					"JUCE_MODULE_AVAILABLE_juce_graphics=1",
					"JUCE_MODULE_AVAILABLE_juce_gui_basics=1",
					"JUCE_MODULE_AVAILABLE_juce_gui_extra=1",
					"JUCE_GLOBAL_MODULE_SETTINGS_INCLUDED=1",
					"JUCE_VST3_CAN_REPLACE_VST2=0",
					"JUCE_STRICT_REFCOUNTEDPOINTER=1",
					"JucePlugin_Build_VST=0",
					"JucePlugin_Build_VST3=0",
					"JucePlugin_Build_AU=1",
					"JucePlugin_Build_AUv3=0",
					"JucePlugin_Build_AAX=0",
					"JucePlugin_Build_Standalone=0",
					"JucePlugin_Build_Unity=0",
					"JucePlugin_Build_LV2=0",
					"JucePlugin_Enable_IAA=0",
					"JucePlugin_Enable_ARA=0",
					"JucePlugin_Name=\\\"NewPlugin\\\"",
					"JucePlugin_Desc=\\\"NewPlugin\\\"",
					"JucePlugin_Manufacturer=\\\"yourcompany\\\"",
					"JucePlugin_ManufacturerWebsite=\\\"www.yourcompany.com\\\"",
					"JucePlugin_ManufacturerEmail=\\\"\\\"",
					"JucePlugin_ManufacturerCode=0x4d616e75",
					"JucePlugin_PluginCode=0x48637870",
					"JucePlugin_IsSynth=0",
					"JucePlugin_WantsMidiInput=0",
					"JucePlugin_ProducesMidiOutput=0",
					"JucePlugin_IsMidiEffect=0",
					"JucePlugin_EditorRequiresKeyboardFocus=0",
					"JucePlugin_Version=1.0.0",
					"JucePlugin_VersionCode=0x10000",
					"JucePlugin_VersionString=\\\"1.0.0\\\"",
					"JucePlugin_VSTUniqueID=JucePlugin_PluginCode",
					"JucePlugin_VSTCategory=kPlugCategEffect",
					"JucePlugin_Vst3Category=\\\"Fx|Reverb\\\"",
					"JucePlugin_AUMainType=\\'aufx\\'",
					"JucePlugin_AUSubType=JucePlugin_PluginCode",
					"JucePlugin_AUExportPrefix=NewPluginAU",
					"JucePlugin_AUExportPrefixQuoted=\\\"NewPluginAU\\\"",
					"JucePlugin_AUManufacturerCode=JucePlugin_ManufacturerCode",
					"JucePlugin_CFBundleIdentifier=com.yourcompany.NewPlugin",
					"JucePlugin_AAXIdentifier=com.yourcompany.NewPlugin",
					"JucePlugin_AAXManufacturerCode=JucePlugin_ManufacturerCode",
					"JucePlugin_AAXProductId=JucePlugin_PluginCode",
					"JucePlugin_AAXCategory=0",
					"JucePlugin_AAXDisableBypass=0",
					"JucePlugin_AAXDisableMultiMono=0",
					"JucePlugin_IAAType=0x61757278",
					"JucePlugin_IAASubType=JucePlugin_PluginCode",
					"JucePlugin_IAAName=\\\"yourcompany:\\ NewPlugin\\\"",
					"JucePlugin_VSTNumMidiInputs=16",
					"JucePlugin_VSTNumMidiOutputs=16",
					"JucePlugin_ARAContentTypes=0",
					"JucePlugin_ARATransformationFlags=0",
					"JucePlugin_ARAFactoryID=\\\"com.yourcompany.NewPlugin.factory\\\"",
					"JucePlugin_ARADocumentArchiveID=\\\"com.yourcompany.NewPlugin.aradocumentarchive.1.0.0\\\"",
					"JucePlugin_ARACompatibleArchiveIDs=\\\"\\\"",
					"JUCE_STANDALONE_APPLICATION=JucePlugin_Build_Standalone",
					"JUCER_XCODE_MAC_F6D2F4CF=1",
					"JUCE_APP_VERSION=1.0.0",
					"JUCE_APP_VERSION_HEX=0x10000",
				);
				GCC_VERSION = com.apple.compilers.llvm.clang.1_0;
				GENERATE_PKGINFO_FILE = YES;
				HEADER_SEARCH_PATHS = (
					"/Users/rinascita/Documents/GitHub/JUCE/modules/juce_audio_processors/format_types/VST3_SDK",
					"$(SRCROOT)/../../JuceLibraryCode",
					"/Users/rinascita/Documents/GitHub/JUCE/modules",
					"/Users/rinascita/Documents/GitHub/JUCE/modules/juce_audio_plugin_client/AU",
					"$(inherited)",
				);
				INFOPLIST_FILE = Info-AU.plist;
				INFOPLIST_PREPROCESS = NO;
				INSTALL_PATH = "$(HOME)/Library/Audio/Plug-Ins/Components/";
				LIBRARY_STYLE = Bundle;
				LLVM_LTO = YES;
				MACOSX_DEPLOYMENT_TARGET = 10.13;
				MTL_HEADER_SEARCH_PATHS = "/Users/rinascita/Documents/GitHub/JUCE/modules/juce_audio_processors/format_types/VST3_SDK $(SRCROOT)/../../JuceLibraryCode /Users/rinascita/Documents/GitHub/JUCE/modules /Users/rinascita/Documents/GitHub/JUCE/modules/juce_audio_plugin_client/AU";
				OTHER_LDFLAGS = "-bundle -lNewPlugin";
				OTHER_REZFLAGS = "-d ppc_$ppc -d i386_$i386 -d ppc64_$ppc64 -d x86_64_$x86_64 -d arm64_$arm64 -I /System/Library/Frameworks/CoreServices.framework/Frameworks/CarbonCore.framework/Versions/A/Headers -I \"$(DEVELOPER_DIR)/Extras/CoreAudio/AudioUnits/AUPublic/AUBase\" -I \"$(DEVELOPER_DIR)/Platforms/MacOSX.platform/Developer/SDKs/MacOSX.sdk/System/Library/Frameworks/AudioUnit.framework/Headers\"";
				PRODUCT_BUNDLE_IDENTIFIER = com.yourcompany.NewPlugin;
				PRODUCT_NAME = "NewPlugin";
				USE_HEADERMAP = NO;
				VALID_ARCHS = "i386 x86_64 arm64 arm64e";
				WRAPPER_EXTENSION = component;
			};
			name = Release;
		};
		8FC7409473DA316B38E2E417 /* Debug */ = {
			isa = XCBuildConfiguration;
			buildSettings = {
				CLANG_CXX_LANGUAGE_STANDARD = "c++17";
				CLANG_CXX_LIBRARY = "libc++";
				CLANG_LINK_OBJC_RUNTIME = NO;
				COMBINE_HIDPI_IMAGES = YES;
				CONFIGURATION_BUILD_DIR = "$(PROJECT_DIR)/build/$(CONFIGURATION)";
				COPY_PHASE_STRIP = NO;
				EXCLUDED_ARCHS = "";
				GCC_DYNAMIC_NO_PIC = NO;
				GCC_OPTIMIZATION_LEVEL = 0;
				GCC_PREPROCESSOR_DEFINITIONS = (
					"_DEBUG=1",
					"DEBUG=1",
					"JUCE_DISPLAY_SPLASH_SCREEN=1",
					"JUCE_USE_DARK_SPLASH_SCREEN=1",
					"JUCE_PROJUCER_VERSION=0x70008",
					"JUCE_MODULE_AVAILABLE_juce_audio_basics=1",
					"JUCE_MODULE_AVAILABLE_juce_audio_devices=1",
					"JUCE_MODULE_AVAILABLE_juce_audio_formats=1",
					"JUCE_MODULE_AVAILABLE_juce_audio_plugin_client=1",
					"JUCE_MODULE_AVAILABLE_juce_audio_processors=1",
					"JUCE_MODULE_AVAILABLE_juce_audio_utils=1",
					"JUCE_MODULE_AVAILABLE_juce_core=1",
					"JUCE_MODULE_AVAILABLE_juce_data_structures=1",
					"JUCE_MODULE_AVAILABLE_juce_dsp=1",
					"JUCE_MODULE_AVAILABLE_juce_events=1",
					"JUCE_MODULE_AVAILABLE_juce_graphics=1",
					"JUCE_MODULE_AVAILABLE_juce_gui_basics=1",
					"JUCE_MODULE_AVAILABLE_juce_gui_extra=1",
					"JUCE_GLOBAL_MODULE_SETTINGS_INCLUDED=1",
					"JUCE_VST3_CAN_REPLACE_VST2=0",
					"JUCE_STRICT_REFCOUNTEDPOINTER=1",
					"JucePlugin_Build_VST=0",
					"JucePlugin_Build_VST3=1",
					"JucePlugin_Build_AU=1",
					"JucePlugin_Build_AUv3=0",
					"JucePlugin_Build_AAX=0",
					"JucePlugin_Build_Standalone=1",
					"JucePlugin_Build_Unity=0",
					"JucePlugin_Build_LV2=0",
					"JucePlugin_Enable_IAA=0",
					"JucePlugin_Enable_ARA=0",
					"JucePlugin_Name=\\\"NewPlugin\\\"",
					"JucePlugin_Desc=\\\"NewPlugin\\\"",
					"JucePlugin_Manufacturer=\\\"yourcompany\\\"",
					"JucePlugin_ManufacturerWebsite=\\\"www.yourcompany.com\\\"",
					"JucePlugin_ManufacturerEmail=\\\"\\\"",
					"JucePlugin_ManufacturerCode=0x4d616e75",
					"JucePlugin_PluginCode=0x48637870",
					"JucePlugin_IsSynth=0",
					"JucePlugin_WantsMidiInput=0",
					"JucePlugin_ProducesMidiOutput=0",
					"JucePlugin_IsMidiEffect=0",
					"JucePlugin_EditorRequiresKeyboardFocus=0",
					"JucePlugin_Version=1.0.0",
					"JucePlugin_VersionCode=0x10000",
					"JucePlugin_VersionString=\\\"1.0.0\\\"",
					"JucePlugin_VSTUniqueID=JucePlugin_PluginCode",
					"JucePlugin_VSTCategory=kPlugCategEffect",
					"JucePlugin_Vst3Category=\\\"Fx|Reverb\\\"",
					"JucePlugin_AUMainType=\\'aufx\\'",
					"JucePlugin_AUSubType=JucePlugin_PluginCode",
					"JucePlugin_AUExportPrefix=NewPluginAU",
					"JucePlugin_AUExportPrefixQuoted=\\\"NewPluginAU\\\"",
					"JucePlugin_AUManufacturerCode=JucePlugin_ManufacturerCode",
					"JucePlugin_CFBundleIdentifier=com.yourcompany.NewPlugin",
					"JucePlugin_AAXIdentifier=com.yourcompany.NewPlugin",
					"JucePlugin_AAXManufacturerCode=JucePlugin_ManufacturerCode",
					"JucePlugin_AAXProductId=JucePlugin_PluginCode",
					"JucePlugin_AAXCategory=0",
					"JucePlugin_AAXDisableBypass=0",
					"JucePlugin_AAXDisableMultiMono=0",
					"JucePlugin_IAAType=0x61757278",
					"JucePlugin_IAASubType=JucePlugin_PluginCode",
					"JucePlugin_IAAName=\\\"yourcompany:\\ NewPlugin\\\"",
					"JucePlugin_VSTNumMidiInputs=16",
					"JucePlugin_VSTNumMidiOutputs=16",
					"JucePlugin_ARAContentTypes=0",
					"JucePlugin_ARATransformationFlags=0",
					"JucePlugin_ARAFactoryID=\\\"com.yourcompany.NewPlugin.factory\\\"",
					"JucePlugin_ARADocumentArchiveID=\\\"com.yourcompany.NewPlugin.aradocumentarchive.1.0.0\\\"",
					"JucePlugin_ARACompatibleArchiveIDs=\\\"\\\"",
					"JUCE_STANDALONE_APPLICATION=JucePlugin_Build_Standalone",
					"JUCER_XCODE_MAC_F6D2F4CF=1",
					"JUCE_APP_VERSION=1.0.0",
					"JUCE_APP_VERSION_HEX=0x10000",
					"JUCE_SHARED_CODE=1",
				);
				GCC_VERSION = com.apple.compilers.llvm.clang.1_0;
				HEADER_SEARCH_PATHS = (
					"/Users/rinascita/Documents/GitHub/JUCE/modules/juce_audio_processors/format_types/VST3_SDK",
					"$(SRCROOT)/../../JuceLibraryCode",
					"/Users/rinascita/Documents/GitHub/JUCE/modules",
					"/Users/rinascita/Documents/GitHub/JUCE/modules/juce_audio_plugin_client/AU",
					"$(inherited)",
				);
				INSTALL_PATH = "@executable_path/../Frameworks";
				MACOSX_DEPLOYMENT_TARGET = 10.13;
				MTL_HEADER_SEARCH_PATHS = "/Users/rinascita/Documents/GitHub/JUCE/modules/juce_audio_processors/format_types/VST3_SDK $(SRCROOT)/../../JuceLibraryCode /Users/rinascita/Documents/GitHub/JUCE/modules /Users/rinascita/Documents/GitHub/JUCE/modules/juce_audio_plugin_client/AU";
				PRODUCT_BUNDLE_IDENTIFIER = com.yourcompany.NewPlugin;
				PRODUCT_NAME = "NewPlugin";
				SKIP_INSTALL = YES;
				USE_HEADERMAP = NO;
				VALID_ARCHS = "i386 x86_64 arm64 arm64e";
			};
			name = Debug;
		};
		9CB8A428FE19A8F24E349E9E /* Debug */ = {
			isa = XCBuildConfiguration;
			buildSettings = {
				CLANG_CXX_LANGUAGE_STANDARD = "c++17";
				CLANG_CXX_LIBRARY = "libc++";
				CLANG_LINK_OBJC_RUNTIME = NO;
				COMBINE_HIDPI_IMAGES = YES;
				CONFIGURATION_BUILD_DIR = "$(PROJECT_DIR)/build/$(CONFIGURATION)";
				COPY_PHASE_STRIP = NO;
				EXCLUDED_ARCHS = "";
				GCC_DYNAMIC_NO_PIC = NO;
				GCC_OPTIMIZATION_LEVEL = 0;
				GCC_PREPROCESSOR_DEFINITIONS = (
					"_DEBUG=1",
					"DEBUG=1",
					"JUCE_DISPLAY_SPLASH_SCREEN=1",
					"JUCE_USE_DARK_SPLASH_SCREEN=1",
					"JUCE_PROJUCER_VERSION=0x70008",
					"JUCE_MODULE_AVAILABLE_juce_audio_basics=1",
					"JUCE_MODULE_AVAILABLE_juce_audio_devices=1",
					"JUCE_MODULE_AVAILABLE_juce_audio_formats=1",
					"JUCE_MODULE_AVAILABLE_juce_audio_plugin_client=1",
					"JUCE_MODULE_AVAILABLE_juce_audio_processors=1",
					"JUCE_MODULE_AVAILABLE_juce_audio_utils=1",
					"JUCE_MODULE_AVAILABLE_juce_core=1",
					"JUCE_MODULE_AVAILABLE_juce_data_structures=1",
					"JUCE_MODULE_AVAILABLE_juce_dsp=1",
					"JUCE_MODULE_AVAILABLE_juce_events=1",
					"JUCE_MODULE_AVAILABLE_juce_graphics=1",
					"JUCE_MODULE_AVAILABLE_juce_gui_basics=1",
					"JUCE_MODULE_AVAILABLE_juce_gui_extra=1",
					"JUCE_GLOBAL_MODULE_SETTINGS_INCLUDED=1",
					"JUCE_VST3_CAN_REPLACE_VST2=0",
					"JUCE_STRICT_REFCOUNTEDPOINTER=1",
					"JucePlugin_Build_VST=0",
					"JucePlugin_Build_VST3=0",
					"JucePlugin_Build_AU=1",
					"JucePlugin_Build_AUv3=0",
					"JucePlugin_Build_AAX=0",
					"JucePlugin_Build_Standalone=0",
					"JucePlugin_Build_Unity=0",
					"JucePlugin_Build_LV2=0",
					"JucePlugin_Enable_IAA=0",
					"JucePlugin_Enable_ARA=0",
					"JucePlugin_Name=\\\"NewPlugin\\\"",
					"JucePlugin_Desc=\\\"NewPlugin\\\"",
					"JucePlugin_Manufacturer=\\\"yourcompany\\\"",
					"JucePlugin_ManufacturerWebsite=\\\"www.yourcompany.com\\\"",
					"JucePlugin_ManufacturerEmail=\\\"\\\"",
					"JucePlugin_ManufacturerCode=0x4d616e75",
					"JucePlugin_PluginCode=0x48637870",
					"JucePlugin_IsSynth=0",
					"JucePlugin_WantsMidiInput=0",
					"JucePlugin_ProducesMidiOutput=0",
					"JucePlugin_IsMidiEffect=0",
					"JucePlugin_EditorRequiresKeyboardFocus=0",
					"JucePlugin_Version=1.0.0",
					"JucePlugin_VersionCode=0x10000",
					"JucePlugin_VersionString=\\\"1.0.0\\\"",
					"JucePlugin_VSTUniqueID=JucePlugin_PluginCode",
					"JucePlugin_VSTCategory=kPlugCategEffect",
					"JucePlugin_Vst3Category=\\\"Fx|Reverb\\\"",
					"JucePlugin_AUMainType=\\'aufx\\'",
					"JucePlugin_AUSubType=JucePlugin_PluginCode",
					"JucePlugin_AUExportPrefix=NewPluginAU",
					"JucePlugin_AUExportPrefixQuoted=\\\"NewPluginAU\\\"",
					"JucePlugin_AUManufacturerCode=JucePlugin_ManufacturerCode",
					"JucePlugin_CFBundleIdentifier=com.yourcompany.NewPlugin",
					"JucePlugin_AAXIdentifier=com.yourcompany.NewPlugin",
					"JucePlugin_AAXManufacturerCode=JucePlugin_ManufacturerCode",
					"JucePlugin_AAXProductId=JucePlugin_PluginCode",
					"JucePlugin_AAXCategory=0",
					"JucePlugin_AAXDisableBypass=0",
					"JucePlugin_AAXDisableMultiMono=0",
					"JucePlugin_IAAType=0x61757278",
					"JucePlugin_IAASubType=JucePlugin_PluginCode",
					"JucePlugin_IAAName=\\\"yourcompany:\\ NewPlugin\\\"",
					"JucePlugin_VSTNumMidiInputs=16",
					"JucePlugin_VSTNumMidiOutputs=16",
					"JucePlugin_ARAContentTypes=0",
					"JucePlugin_ARATransformationFlags=0",
					"JucePlugin_ARAFactoryID=\\\"com.yourcompany.NewPlugin.factory\\\"",
					"JucePlugin_ARADocumentArchiveID=\\\"com.yourcompany.NewPlugin.aradocumentarchive.1.0.0\\\"",
					"JucePlugin_ARACompatibleArchiveIDs=\\\"\\\"",
					"JUCE_STANDALONE_APPLICATION=JucePlugin_Build_Standalone",
					"JUCER_XCODE_MAC_F6D2F4CF=1",
					"JUCE_APP_VERSION=1.0.0",
					"JUCE_APP_VERSION_HEX=0x10000",
				);
				GCC_VERSION = com.apple.compilers.llvm.clang.1_0;
				GENERATE_PKGINFO_FILE = YES;
				HEADER_SEARCH_PATHS = (
					"/Users/rinascita/Documents/GitHub/JUCE/modules/juce_audio_processors/format_types/VST3_SDK",
					"$(SRCROOT)/../../JuceLibraryCode",
					"/Users/rinascita/Documents/GitHub/JUCE/modules",
					"/Users/rinascita/Documents/GitHub/JUCE/modules/juce_audio_plugin_client/AU",
					"$(inherited)",
				);
				INFOPLIST_FILE = Info-AU.plist;
				INFOPLIST_PREPROCESS = NO;
				INSTALL_PATH = "$(HOME)/Library/Audio/Plug-Ins/Components/";
				LIBRARY_STYLE = Bundle;
				MACOSX_DEPLOYMENT_TARGET = 10.13;
				MTL_HEADER_SEARCH_PATHS = "/Users/rinascita/Documents/GitHub/JUCE/modules/juce_audio_processors/format_types/VST3_SDK $(SRCROOT)/../../JuceLibraryCode /Users/rinascita/Documents/GitHub/JUCE/modules /Users/rinascita/Documents/GitHub/JUCE/modules/juce_audio_plugin_client/AU";
				OTHER_LDFLAGS = "-bundle -lNewPlugin";
				OTHER_REZFLAGS = "-d ppc_$ppc -d i386_$i386 -d ppc64_$ppc64 -d x86_64_$x86_64 -d arm64_$arm64 -I /System/Library/Frameworks/CoreServices.framework/Frameworks/CarbonCore.framework/Versions/A/Headers -I \"$(DEVELOPER_DIR)/Extras/CoreAudio/AudioUnits/AUPublic/AUBase\" -I \"$(DEVELOPER_DIR)/Platforms/MacOSX.platform/Developer/SDKs/MacOSX.sdk/System/Library/Frameworks/AudioUnit.framework/Headers\"";
				PRODUCT_BUNDLE_IDENTIFIER = com.yourcompany.NewPlugin;
				PRODUCT_NAME = "NewPlugin";
				USE_HEADERMAP = NO;
				VALID_ARCHS = "i386 x86_64 arm64 arm64e";
				WRAPPER_EXTENSION = component;
			};
			name = Debug;
		};
		9CC6D8913F9EF5B77F78BA6F /* Release */ = {
			isa = XCBuildConfiguration;
			buildSettings = {
				MACOSX_DEPLOYMENT_TARGET = 10.13;
				SDKROOT = macosx;
			};
			name = Release;
		};
		B329F52C9DBCE7C986E3C2E8 /* Debug */ = {
			isa = XCBuildConfiguration;
			buildSettings = {
				MACOSX_DEPLOYMENT_TARGET = 10.13;
				SDKROOT = macosx;
			};
			name = Debug;
		};
		B7E7E7FF02D5CE842E195CB8 /* Release */ = {
			isa = XCBuildConfiguration;
			buildSettings = {
				CLANG_CXX_LANGUAGE_STANDARD = "c++17";
				CLANG_CXX_LIBRARY = "libc++";
				CLANG_LINK_OBJC_RUNTIME = NO;
				COMBINE_HIDPI_IMAGES = YES;
				CONFIGURATION_BUILD_DIR = "$(PROJECT_DIR)/build/$(CONFIGURATION)";
				DEAD_CODE_STRIPPING = YES;
				EXCLUDED_ARCHS = "";
				GCC_GENERATE_DEBUGGING_SYMBOLS = NO;
				GCC_OPTIMIZATION_LEVEL = 3;
				GCC_PREPROCESSOR_DEFINITIONS = (
					"_NDEBUG=1",
					"NDEBUG=1",
					"JUCE_DISPLAY_SPLASH_SCREEN=1",
					"JUCE_USE_DARK_SPLASH_SCREEN=1",
					"JUCE_PROJUCER_VERSION=0x70008",
					"JUCE_MODULE_AVAILABLE_juce_audio_basics=1",
					"JUCE_MODULE_AVAILABLE_juce_audio_devices=1",
					"JUCE_MODULE_AVAILABLE_juce_audio_formats=1",
					"JUCE_MODULE_AVAILABLE_juce_audio_plugin_client=1",
					"JUCE_MODULE_AVAILABLE_juce_audio_processors=1",
					"JUCE_MODULE_AVAILABLE_juce_audio_utils=1",
					"JUCE_MODULE_AVAILABLE_juce_core=1",
					"JUCE_MODULE_AVAILABLE_juce_data_structures=1",
					"JUCE_MODULE_AVAILABLE_juce_dsp=1",
					"JUCE_MODULE_AVAILABLE_juce_events=1",
					"JUCE_MODULE_AVAILABLE_juce_graphics=1",
					"JUCE_MODULE_AVAILABLE_juce_gui_basics=1",
					"JUCE_MODULE_AVAILABLE_juce_gui_extra=1",
					"JUCE_GLOBAL_MODULE_SETTINGS_INCLUDED=1",
					"JUCE_VST3_CAN_REPLACE_VST2=0",
					"JUCE_STRICT_REFCOUNTEDPOINTER=1",
					"JucePlugin_Build_VST=0",
					"JucePlugin_Build_VST3=1",
					"JucePlugin_Build_AU=1",
					"JucePlugin_Build_AUv3=0",
					"JucePlugin_Build_AAX=0",
					"JucePlugin_Build_Standalone=1",
					"JucePlugin_Build_Unity=0",
					"JucePlugin_Build_LV2=0",
					"JucePlugin_Enable_IAA=0",
					"JucePlugin_Enable_ARA=0",
					"JucePlugin_Name=\\\"NewPlugin\\\"",
					"JucePlugin_Desc=\\\"NewPlugin\\\"",
					"JucePlugin_Manufacturer=\\\"yourcompany\\\"",
					"JucePlugin_ManufacturerWebsite=\\\"www.yourcompany.com\\\"",
					"JucePlugin_ManufacturerEmail=\\\"\\\"",
					"JucePlugin_ManufacturerCode=0x4d616e75",
					"JucePlugin_PluginCode=0x48637870",
					"JucePlugin_IsSynth=0",
					"JucePlugin_WantsMidiInput=0",
					"JucePlugin_ProducesMidiOutput=0",
					"JucePlugin_IsMidiEffect=0",
					"JucePlugin_EditorRequiresKeyboardFocus=0",
					"JucePlugin_Version=1.0.0",
					"JucePlugin_VersionCode=0x10000",
					"JucePlugin_VersionString=\\\"1.0.0\\\"",
					"JucePlugin_VSTUniqueID=JucePlugin_PluginCode",
					"JucePlugin_VSTCategory=kPlugCategEffect",
					"JucePlugin_Vst3Category=\\\"Fx|Reverb\\\"",
					"JucePlugin_AUMainType=\\'aufx\\'",
					"JucePlugin_AUSubType=JucePlugin_PluginCode",
					"JucePlugin_AUExportPrefix=NewPluginAU",
					"JucePlugin_AUExportPrefixQuoted=\\\"NewPluginAU\\\"",
					"JucePlugin_AUManufacturerCode=JucePlugin_ManufacturerCode",
					"JucePlugin_CFBundleIdentifier=com.yourcompany.NewPlugin",
					"JucePlugin_AAXIdentifier=com.yourcompany.NewPlugin",
					"JucePlugin_AAXManufacturerCode=JucePlugin_ManufacturerCode",
					"JucePlugin_AAXProductId=JucePlugin_PluginCode",
					"JucePlugin_AAXCategory=0",
					"JucePlugin_AAXDisableBypass=0",
					"JucePlugin_AAXDisableMultiMono=0",
					"JucePlugin_IAAType=0x61757278",
					"JucePlugin_IAASubType=JucePlugin_PluginCode",
					"JucePlugin_IAAName=\\\"yourcompany:\\ NewPlugin\\\"",
					"JucePlugin_VSTNumMidiInputs=16",
					"JucePlugin_VSTNumMidiOutputs=16",
					"JucePlugin_ARAContentTypes=0",
					"JucePlugin_ARATransformationFlags=0",
					"JucePlugin_ARAFactoryID=\\\"com.yourcompany.NewPlugin.factory\\\"",
					"JucePlugin_ARADocumentArchiveID=\\\"com.yourcompany.NewPlugin.aradocumentarchive.1.0.0\\\"",
					"JucePlugin_ARACompatibleArchiveIDs=\\\"\\\"",
					"JUCE_STANDALONE_APPLICATION=JucePlugin_Build_Standalone",
					"JUCER_XCODE_MAC_F6D2F4CF=1",
					"JUCE_APP_VERSION=1.0.0",
					"JUCE_APP_VERSION_HEX=0x10000",
					"JUCE_SHARED_CODE=1",
				);
				GCC_VERSION = com.apple.compilers.llvm.clang.1_0;
				HEADER_SEARCH_PATHS = (
					"/Users/rinascita/Documents/GitHub/JUCE/modules/juce_audio_processors/format_types/VST3_SDK",
					"$(SRCROOT)/../../JuceLibraryCode",
					"/Users/rinascita/Documents/GitHub/JUCE/modules",
					"/Users/rinascita/Documents/GitHub/JUCE/modules/juce_audio_plugin_client/AU",
					"$(inherited)",
				);
				INSTALL_PATH = "@executable_path/../Frameworks";
				LLVM_LTO = YES;
				MACOSX_DEPLOYMENT_TARGET = 10.13;
				MTL_HEADER_SEARCH_PATHS = "/Users/rinascita/Documents/GitHub/JUCE/modules/juce_audio_processors/format_types/VST3_SDK $(SRCROOT)/../../JuceLibraryCode /Users/rinascita/Documents/GitHub/JUCE/modules /Users/rinascita/Documents/GitHub/JUCE/modules/juce_audio_plugin_client/AU";
				PRODUCT_BUNDLE_IDENTIFIER = com.yourcompany.NewPlugin;
				PRODUCT_NAME = "NewPlugin";
				SKIP_INSTALL = YES;
				USE_HEADERMAP = NO;
				VALID_ARCHS = "i386 x86_64 arm64 arm64e";
			};
			name = Release;
		};
		BCFB495DC0A090101AA638BD /* Debug */ = {
			isa = XCBuildConfiguration;
			buildSettings = {
				CLANG_CXX_LANGUAGE_STANDARD = "c++17";
				CLANG_CXX_LIBRARY = "libc++";
				CLANG_LINK_OBJC_RUNTIME = NO;
				COMBINE_HIDPI_IMAGES = YES;
				CONFIGURATION_BUILD_DIR = "$(PROJECT_DIR)/build/$(CONFIGURATION)";
				COPY_PHASE_STRIP = NO;
				EXCLUDED_ARCHS = "";
				GCC_DYNAMIC_NO_PIC = NO;
				GCC_OPTIMIZATION_LEVEL = 0;
				GCC_PREPROCESSOR_DEFINITIONS = (
					"_DEBUG=1",
					"DEBUG=1",
					"JUCE_DISPLAY_SPLASH_SCREEN=1",
					"JUCE_USE_DARK_SPLASH_SCREEN=1",
					"JUCE_PROJUCER_VERSION=0x70008",
					"JUCE_MODULE_AVAILABLE_juce_audio_basics=1",
					"JUCE_MODULE_AVAILABLE_juce_audio_devices=1",
					"JUCE_MODULE_AVAILABLE_juce_audio_formats=1",
					"JUCE_MODULE_AVAILABLE_juce_audio_plugin_client=1",
					"JUCE_MODULE_AVAILABLE_juce_audio_processors=1",
					"JUCE_MODULE_AVAILABLE_juce_audio_utils=1",
					"JUCE_MODULE_AVAILABLE_juce_core=1",
					"JUCE_MODULE_AVAILABLE_juce_data_structures=1",
					"JUCE_MODULE_AVAILABLE_juce_dsp=1",
					"JUCE_MODULE_AVAILABLE_juce_events=1",
					"JUCE_MODULE_AVAILABLE_juce_graphics=1",
					"JUCE_MODULE_AVAILABLE_juce_gui_basics=1",
					"JUCE_MODULE_AVAILABLE_juce_gui_extra=1",
					"JUCE_GLOBAL_MODULE_SETTINGS_INCLUDED=1",
					"JUCE_VST3_CAN_REPLACE_VST2=0",
					"JUCE_STRICT_REFCOUNTEDPOINTER=1",
					"JucePlugin_Build_VST=0",
					"JucePlugin_Build_VST3=0",
					"JucePlugin_Build_AU=0",
					"JucePlugin_Build_AUv3=0",
					"JucePlugin_Build_AAX=0",
					"JucePlugin_Build_Standalone=0",
					"JucePlugin_Build_Unity=0",
					"JucePlugin_Build_LV2=0",
					"JucePlugin_Enable_IAA=0",
					"JucePlugin_Enable_ARA=0",
					"JucePlugin_Name=\\\"NewPlugin\\\"",
					"JucePlugin_Desc=\\\"NewPlugin\\\"",
					"JucePlugin_Manufacturer=\\\"yourcompany\\\"",
					"JucePlugin_ManufacturerWebsite=\\\"www.yourcompany.com\\\"",
					"JucePlugin_ManufacturerEmail=\\\"\\\"",
					"JucePlugin_ManufacturerCode=0x4d616e75",
					"JucePlugin_PluginCode=0x48637870",
					"JucePlugin_IsSynth=0",
					"JucePlugin_WantsMidiInput=0",
					"JucePlugin_ProducesMidiOutput=0",
					"JucePlugin_IsMidiEffect=0",
					"JucePlugin_EditorRequiresKeyboardFocus=0",
					"JucePlugin_Version=1.0.0",
					"JucePlugin_VersionCode=0x10000",
					"JucePlugin_VersionString=\\\"1.0.0\\\"",
					"JucePlugin_VSTUniqueID=JucePlugin_PluginCode",
					"JucePlugin_VSTCategory=kPlugCategEffect",
					"JucePlugin_Vst3Category=\\\"Fx|Reverb\\\"",
					"JucePlugin_AUMainType=\\'aufx\\'",
					"JucePlugin_AUSubType=JucePlugin_PluginCode",
					"JucePlugin_AUExportPrefix=NewPluginAU",
					"JucePlugin_AUExportPrefixQuoted=\\\"NewPluginAU\\\"",
					"JucePlugin_AUManufacturerCode=JucePlugin_ManufacturerCode",
					"JucePlugin_CFBundleIdentifier=com.yourcompany.NewPlugin",
					"JucePlugin_AAXIdentifier=com.yourcompany.NewPlugin",
					"JucePlugin_AAXManufacturerCode=JucePlugin_ManufacturerCode",
					"JucePlugin_AAXProductId=JucePlugin_PluginCode",
					"JucePlugin_AAXCategory=0",
					"JucePlugin_AAXDisableBypass=0",
					"JucePlugin_AAXDisableMultiMono=0",
					"JucePlugin_IAAType=0x61757278",
					"JucePlugin_IAASubType=JucePlugin_PluginCode",
					"JucePlugin_IAAName=\\\"yourcompany:\\ NewPlugin\\\"",
					"JucePlugin_VSTNumMidiInputs=16",
					"JucePlugin_VSTNumMidiOutputs=16",
					"JucePlugin_ARAContentTypes=0",
					"JucePlugin_ARATransformationFlags=0",
					"JucePlugin_ARAFactoryID=\\\"com.yourcompany.NewPlugin.factory\\\"",
					"JucePlugin_ARADocumentArchiveID=\\\"com.yourcompany.NewPlugin.aradocumentarchive.1.0.0\\\"",
					"JucePlugin_ARACompatibleArchiveIDs=\\\"\\\"",
					"JUCE_STANDALONE_APPLICATION=JucePlugin_Build_Standalone",
					"JUCER_XCODE_MAC_F6D2F4CF=1",
					"JUCE_APP_VERSION=1.0.0",
					"JUCE_APP_VERSION_HEX=0x10000",
				);
				GCC_VERSION = com.apple.compilers.llvm.clang.1_0;
				HEADER_SEARCH_PATHS = (
					"/Users/rinascita/Documents/GitHub/JUCE/modules/juce_audio_processors/format_types/VST3_SDK",
					"$(SRCROOT)/../../JuceLibraryCode",
					"/Users/rinascita/Documents/GitHub/JUCE/modules",
					"/Users/rinascita/Documents/GitHub/JUCE/modules/juce_audio_plugin_client/AU",
					"$(inherited)",
				);
				INFOPLIST_FILE = Info-VST3_Manifest_Helper.plist;
				INFOPLIST_PREPROCESS = NO;
				MACOSX_DEPLOYMENT_TARGET = 10.13;
				MTL_HEADER_SEARCH_PATHS = "/Users/rinascita/Documents/GitHub/JUCE/modules/juce_audio_processors/format_types/VST3_SDK $(SRCROOT)/../../JuceLibraryCode /Users/rinascita/Documents/GitHub/JUCE/modules /Users/rinascita/Documents/GitHub/JUCE/modules/juce_audio_plugin_client/AU";
				PRODUCT_BUNDLE_IDENTIFIER = com.yourcompany.NewPlugin;
				PRODUCT_NAME = "juce_vst3_helper";
				USE_HEADERMAP = NO;
				VALID_ARCHS = "i386 x86_64 arm64 arm64e";
			};
			name = Debug;
		};
		CDE31EF281B0A490B9256A18 /* Debug */ = {
			isa = XCBuildConfiguration;
			buildSettings = {
				ALWAYS_SEARCH_USER_PATHS = NO;
				CLANG_ENABLE_OBJC_WEAK = YES;
				CLANG_WARN_BLOCK_CAPTURE_AUTORELEASING = YES;
				CLANG_WARN_BOOL_CONVERSION = YES;
				CLANG_WARN_COMMA = YES;
				CLANG_WARN_CONSTANT_CONVERSION = YES;
				CLANG_WARN_DEPRECATED_OBJC_IMPLEMENTATIONS = YES;
				CLANG_WARN_EMPTY_BODY = YES;
				CLANG_WARN_ENUM_CONVERSION = YES;
				CLANG_WARN_INFINITE_RECURSION = YES;
				CLANG_WARN_INT_CONVERSION = YES;
				CLANG_WARN_NON_LITERAL_NULL_CONVERSION = YES;
				CLANG_WARN_OBJC_IMPLICIT_RETAIN_SELF = YES;
				CLANG_WARN_OBJC_LITERAL_CONVERSION = YES;
				CLANG_WARN_RANGE_LOOP_ANALYSIS = YES;
				CLANG_WARN_STRICT_PROTOTYPES = YES;
				CLANG_WARN_SUSPICIOUS_MOVE = YES;
				CLANG_WARN_UNREACHABLE_CODE = YES;
				CLANG_WARN__DUPLICATE_METHOD_MATCH = YES;
				DEBUG_INFORMATION_FORMAT = dwarf;
				ENABLE_STRICT_OBJC_MSGSEND = YES;
				ENABLE_TESTABILITY = NO;
				GCC_C_LANGUAGE_STANDARD = c11;
				GCC_INLINES_ARE_PRIVATE_EXTERN = YES;
				GCC_MODEL_TUNING = G5;
				GCC_NO_COMMON_BLOCKS = YES;
				GCC_SYMBOLS_PRIVATE_EXTERN = YES;
				GCC_WARN_64_TO_32_BIT_CONVERSION = YES;
				GCC_WARN_ABOUT_RETURN_TYPE = YES;
				GCC_WARN_CHECK_SWITCH_STATEMENTS = YES;
				GCC_WARN_MISSING_PARENTHESES = YES;
				GCC_WARN_NON_VIRTUAL_DESTRUCTOR = YES;
				GCC_WARN_TYPECHECK_CALLS_TO_PRINTF = YES;
				GCC_WARN_UNDECLARED_SELECTOR = YES;
				GCC_WARN_UNINITIALIZED_AUTOS = YES;
				GCC_WARN_UNUSED_FUNCTION = YES;
				GCC_WARN_UNUSED_VARIABLE = YES;
				ONLY_ACTIVE_ARCH = YES;
				PRODUCT_NAME = "NewPlugin";
				SDKROOT = macosx;
				WARNING_CFLAGS = "-Wreorder";
				ZERO_LINK = NO;
			};
			name = Debug;
		};
		F905DB7CB9FD386C2DF1F805 /* Release */ = {
			isa = XCBuildConfiguration;
			buildSettings = {
				CLANG_CXX_LANGUAGE_STANDARD = "c++17";
				CLANG_CXX_LIBRARY = "libc++";
				CLANG_LINK_OBJC_RUNTIME = NO;
				COMBINE_HIDPI_IMAGES = YES;
				CONFIGURATION_BUILD_DIR = "$(PROJECT_DIR)/build/$(CONFIGURATION)";
				DEAD_CODE_STRIPPING = YES;
				EXCLUDED_ARCHS = "";
				GCC_GENERATE_DEBUGGING_SYMBOLS = NO;
				GCC_OPTIMIZATION_LEVEL = 3;
				GCC_PREPROCESSOR_DEFINITIONS = (
					"_NDEBUG=1",
					"NDEBUG=1",
					"JUCE_DISPLAY_SPLASH_SCREEN=1",
					"JUCE_USE_DARK_SPLASH_SCREEN=1",
					"JUCE_PROJUCER_VERSION=0x70008",
					"JUCE_MODULE_AVAILABLE_juce_audio_basics=1",
					"JUCE_MODULE_AVAILABLE_juce_audio_devices=1",
					"JUCE_MODULE_AVAILABLE_juce_audio_formats=1",
					"JUCE_MODULE_AVAILABLE_juce_audio_plugin_client=1",
					"JUCE_MODULE_AVAILABLE_juce_audio_processors=1",
					"JUCE_MODULE_AVAILABLE_juce_audio_utils=1",
					"JUCE_MODULE_AVAILABLE_juce_core=1",
					"JUCE_MODULE_AVAILABLE_juce_data_structures=1",
					"JUCE_MODULE_AVAILABLE_juce_dsp=1",
					"JUCE_MODULE_AVAILABLE_juce_events=1",
					"JUCE_MODULE_AVAILABLE_juce_graphics=1",
					"JUCE_MODULE_AVAILABLE_juce_gui_basics=1",
					"JUCE_MODULE_AVAILABLE_juce_gui_extra=1",
					"JUCE_GLOBAL_MODULE_SETTINGS_INCLUDED=1",
					"JUCE_VST3_CAN_REPLACE_VST2=0",
					"JUCE_STRICT_REFCOUNTEDPOINTER=1",
					"JucePlugin_Build_VST=0",
					"JucePlugin_Build_VST3=0",
					"JucePlugin_Build_AU=0",
					"JucePlugin_Build_AUv3=0",
					"JucePlugin_Build_AAX=0",
					"JucePlugin_Build_Standalone=0",
					"JucePlugin_Build_Unity=0",
					"JucePlugin_Build_LV2=0",
					"JucePlugin_Enable_IAA=0",
					"JucePlugin_Enable_ARA=0",
					"JucePlugin_Name=\\\"NewPlugin\\\"",
					"JucePlugin_Desc=\\\"NewPlugin\\\"",
					"JucePlugin_Manufacturer=\\\"yourcompany\\\"",
					"JucePlugin_ManufacturerWebsite=\\\"www.yourcompany.com\\\"",
					"JucePlugin_ManufacturerEmail=\\\"\\\"",
					"JucePlugin_ManufacturerCode=0x4d616e75",
					"JucePlugin_PluginCode=0x48637870",
					"JucePlugin_IsSynth=0",
					"JucePlugin_WantsMidiInput=0",
					"JucePlugin_ProducesMidiOutput=0",
					"JucePlugin_IsMidiEffect=0",
					"JucePlugin_EditorRequiresKeyboardFocus=0",
					"JucePlugin_Version=1.0.0",
					"JucePlugin_VersionCode=0x10000",
					"JucePlugin_VersionString=\\\"1.0.0\\\"",
					"JucePlugin_VSTUniqueID=JucePlugin_PluginCode",
					"JucePlugin_VSTCategory=kPlugCategEffect",
					"JucePlugin_Vst3Category=\\\"Fx|Reverb\\\"",
					"JucePlugin_AUMainType=\\'aufx\\'",
					"JucePlugin_AUSubType=JucePlugin_PluginCode",
					"JucePlugin_AUExportPrefix=NewPluginAU",
					"JucePlugin_AUExportPrefixQuoted=\\\"NewPluginAU\\\"",
					"JucePlugin_AUManufacturerCode=JucePlugin_ManufacturerCode",
					"JucePlugin_CFBundleIdentifier=com.yourcompany.NewPlugin",
					"JucePlugin_AAXIdentifier=com.yourcompany.NewPlugin",
					"JucePlugin_AAXManufacturerCode=JucePlugin_ManufacturerCode",
					"JucePlugin_AAXProductId=JucePlugin_PluginCode",
					"JucePlugin_AAXCategory=0",
					"JucePlugin_AAXDisableBypass=0",
					"JucePlugin_AAXDisableMultiMono=0",
					"JucePlugin_IAAType=0x61757278",
					"JucePlugin_IAASubType=JucePlugin_PluginCode",
					"JucePlugin_IAAName=\\\"yourcompany:\\ NewPlugin\\\"",
					"JucePlugin_VSTNumMidiInputs=16",
					"JucePlugin_VSTNumMidiOutputs=16",
					"JucePlugin_ARAContentTypes=0",
					"JucePlugin_ARATransformationFlags=0",
					"JucePlugin_ARAFactoryID=\\\"com.yourcompany.NewPlugin.factory\\\"",
					"JucePlugin_ARADocumentArchiveID=\\\"com.yourcompany.NewPlugin.aradocumentarchive.1.0.0\\\"",
					"JucePlugin_ARACompatibleArchiveIDs=\\\"\\\"",
					"JUCE_STANDALONE_APPLICATION=JucePlugin_Build_Standalone",
					"JUCER_XCODE_MAC_F6D2F4CF=1",
					"JUCE_APP_VERSION=1.0.0",
					"JUCE_APP_VERSION_HEX=0x10000",
				);
				GCC_VERSION = com.apple.compilers.llvm.clang.1_0;
				HEADER_SEARCH_PATHS = (
					"/Users/rinascita/Documents/GitHub/JUCE/modules/juce_audio_processors/format_types/VST3_SDK",
					"$(SRCROOT)/../../JuceLibraryCode",
					"/Users/rinascita/Documents/GitHub/JUCE/modules",
					"/Users/rinascita/Documents/GitHub/JUCE/modules/juce_audio_plugin_client/AU",
					"$(inherited)",
				);
				INFOPLIST_FILE = Info-VST3_Manifest_Helper.plist;
				INFOPLIST_PREPROCESS = NO;
				LLVM_LTO = YES;
				MACOSX_DEPLOYMENT_TARGET = 10.13;
				MTL_HEADER_SEARCH_PATHS = "/Users/rinascita/Documents/GitHub/JUCE/modules/juce_audio_processors/format_types/VST3_SDK $(SRCROOT)/../../JuceLibraryCode /Users/rinascita/Documents/GitHub/JUCE/modules /Users/rinascita/Documents/GitHub/JUCE/modules/juce_audio_plugin_client/AU";
				PRODUCT_BUNDLE_IDENTIFIER = com.yourcompany.NewPlugin;
				PRODUCT_NAME = "juce_vst3_helper";
				USE_HEADERMAP = NO;
				VALID_ARCHS = "i386 x86_64 arm64 arm64e";
			};
			name = Release;
		};
/* End XCBuildConfiguration section */

/* Begin XCConfigurationList section */
		12424C094E42B23BE09E24CB = {
			isa = XCConfigurationList;
			buildConfigurations = (
				0BFACFD00D2041D02F0D37F1,
				CDE31EF281B0A490B9256A18,
			);
			defaultConfigurationIsVisible = 0;
			defaultConfigurationName = Debug;
		};
		46C9AB7F8DD93A204C9846B3 = {
			isa = XCConfigurationList;
			buildConfigurations = (
				70D45F5906498C3743FE2922,
				5DF6EB9E665AE0A4BF0B6A76,
			);
			defaultConfigurationIsVisible = 0;
			defaultConfigurationName = Debug;
		};
		6B602F302EE221790E3FC263 = {
			isa = XCConfigurationList;
			buildConfigurations = (
				BCFB495DC0A090101AA638BD,
				F905DB7CB9FD386C2DF1F805,
			);
			defaultConfigurationIsVisible = 0;
			defaultConfigurationName = Debug;
		};
		7DB04C70335C309B93B46E30 = {
			isa = XCConfigurationList;
			buildConfigurations = (
				9CB8A428FE19A8F24E349E9E,
				82E02F201585A386C5D14C85,
			);
			defaultConfigurationIsVisible = 0;
			defaultConfigurationName = Debug;
		};
		C5F237837DA3292D1CD60604 = {
			isa = XCConfigurationList;
			buildConfigurations = (
				B329F52C9DBCE7C986E3C2E8,
				9CC6D8913F9EF5B77F78BA6F,
			);
			defaultConfigurationIsVisible = 0;
			defaultConfigurationName = Debug;
		};
		D8097A9CD5F13C54CFD4EC62 = {
			isa = XCConfigurationList;
			buildConfigurations = (
				4DB15BABEE972FBC28A7C4AD,
				315CA81D5DF7DCC6121665C2,
			);
			defaultConfigurationIsVisible = 0;
			defaultConfigurationName = Debug;
		};
		F5E357736CDCE7E02A76D3B0 = {
			isa = XCConfigurationList;
			buildConfigurations = (
				8FC7409473DA316B38E2E417,
				B7E7E7FF02D5CE842E195CB8,
			);
			defaultConfigurationIsVisible = 0;
			defaultConfigurationName = Debug;
		};
/* End XCConfigurationList section */
	};
	rootObject = EF334DF2B8B741162D321A26 /* Project object */;
}
